// !$*UTF8*$!
{
	archiveVersion = 1;
	classes = {
	};
	objectVersion = 51;
	objects = {

/* Begin PBXBuildFile section */
		11A6ECF118B635FAF9ECE6C4 /* Pods_FirstAppTests.framework in Frameworks */ = {isa = PBXBuildFile; fileRef = 126CB083A5756537CEA47B51 /* Pods_FirstAppTests.framework */; };
		375E7B7224122FD800536863 /* UtilitiesUnitTests.swift in Sources */ = {isa = PBXBuildFile; fileRef = 375E7B7124122FD800536863 /* UtilitiesUnitTests.swift */; };
		375E7B742412373D00536863 /* UserModelUnitTests.swift in Sources */ = {isa = PBXBuildFile; fileRef = 375E7B732412373D00536863 /* UserModelUnitTests.swift */; };
		375E7B9C2416170400536863 /* RecipeModelUnitTests.swift in Sources */ = {isa = PBXBuildFile; fileRef = 375E7B9B2416170400536863 /* RecipeModelUnitTests.swift */; };
		375E7B9E2416179300536863 /* RecipeViewModelServiceTests.swift in Sources */ = {isa = PBXBuildFile; fileRef = 375E7B9D2416179300536863 /* RecipeViewModelServiceTests.swift */; };
		375E7BA02416196200536863 /* UserMock.swift in Sources */ = {isa = PBXBuildFile; fileRef = 375E7B9F2416196200536863 /* UserMock.swift */; };
		3760CD0F240E3A3C005DD6F3 /* WebViewController.swift in Sources */ = {isa = PBXBuildFile; fileRef = 3760CD0E240E3A3C005DD6F3 /* WebViewController.swift */; };
		376127032424A0B1008EBAAE /* FavouritesObjectiveCViewController.m in Sources */ = {isa = PBXBuildFile; fileRef = 376127022424A0B1008EBAAE /* FavouritesObjectiveCViewController.m */; };
		3761270A24278B5A008EBAAE /* RecipeListViewController.swift in Sources */ = {isa = PBXBuildFile; fileRef = 3761270924278B5A008EBAAE /* RecipeListViewController.swift */; };
		3761270C24279A38008EBAAE /* RecipeCellTableViewCell.swift in Sources */ = {isa = PBXBuildFile; fileRef = 3761270B24279A38008EBAAE /* RecipeCellTableViewCell.swift */; };
		376CF62A23F143B50030C871 /* LoginEmailViewController.swift in Sources */ = {isa = PBXBuildFile; fileRef = 376CF62923F143B50030C871 /* LoginEmailViewController.swift */; };
		376CF62C23F146950030C871 /* SignUpEmailViewController.swift in Sources */ = {isa = PBXBuildFile; fileRef = 376CF62B23F146950030C871 /* SignUpEmailViewController.swift */; };
		376CF63023F27D4A0030C871 /* GoogleService-Info.plist in Resources */ = {isa = PBXBuildFile; fileRef = 376CF62F23F27D4A0030C871 /* GoogleService-Info.plist */; };
		376CF63223F27FCA0030C871 /* HomeViewController.swift in Sources */ = {isa = PBXBuildFile; fileRef = 376CF63123F27FCA0030C871 /* HomeViewController.swift */; };
		377A9779241CF1B200216C32 /* SignUpUITests.swift in Sources */ = {isa = PBXBuildFile; fileRef = 377A9778241CF1B200216C32 /* SignUpUITests.swift */; };
		377A9781241CFE8600216C32 /* XCTUIApplicationExtension.swift in Sources */ = {isa = PBXBuildFile; fileRef = 377A9780241CFE8600216C32 /* XCTUIApplicationExtension.swift */; };
		377A9783241D818E00216C32 /* LoginUITests.swift in Sources */ = {isa = PBXBuildFile; fileRef = 377A9782241D818E00216C32 /* LoginUITests.swift */; };
		377A9785241E355B00216C32 /* APIUITests.swift in Sources */ = {isa = PBXBuildFile; fileRef = 377A9784241E355B00216C32 /* APIUITests.swift */; };
		3794CCE023EBB51400693C03 /* AppDelegate.swift in Sources */ = {isa = PBXBuildFile; fileRef = 3794CCDF23EBB51400693C03 /* AppDelegate.swift */; };
		3794CCE223EBB51400693C03 /* SceneDelegate.swift in Sources */ = {isa = PBXBuildFile; fileRef = 3794CCE123EBB51400693C03 /* SceneDelegate.swift */; };
		3794CCE423EBB51400693C03 /* ViewController.swift in Sources */ = {isa = PBXBuildFile; fileRef = 3794CCE323EBB51400693C03 /* ViewController.swift */; };
		3794CCE723EBB51400693C03 /* Main.storyboard in Resources */ = {isa = PBXBuildFile; fileRef = 3794CCE523EBB51400693C03 /* Main.storyboard */; };
		3794CCE923EBB51400693C03 /* Assets.xcassets in Resources */ = {isa = PBXBuildFile; fileRef = 3794CCE823EBB51400693C03 /* Assets.xcassets */; };
		3794CCEC23EBB51400693C03 /* LaunchScreen.storyboard in Resources */ = {isa = PBXBuildFile; fileRef = 3794CCEA23EBB51400693C03 /* LaunchScreen.storyboard */; };
		3796271924084F29004C2BDE /* User.swift in Sources */ = {isa = PBXBuildFile; fileRef = 3796271824084F29004C2BDE /* User.swift */; };
		3796271B24084F9B004C2BDE /* UserViewModel.swift in Sources */ = {isa = PBXBuildFile; fileRef = 3796271A24084F9B004C2BDE /* UserViewModel.swift */; };
		37A33626242B0BE0001EB8D0 /* TabViewController.swift in Sources */ = {isa = PBXBuildFile; fileRef = 37A33625242B0BE0001EB8D0 /* TabViewController.swift */; };
		37A3362C242C6DAA001EB8D0 /* FavouriteTableViewCell.m in Sources */ = {isa = PBXBuildFile; fileRef = 37A3362B242C6DAA001EB8D0 /* FavouriteTableViewCell.m */; };
		37B2F39723FD01E0009C1FC1 /* CellTableViewCell.swift in Sources */ = {isa = PBXBuildFile; fileRef = 37B2F39623FD01E0009C1FC1 /* CellTableViewCell.swift */; };
		37B2F3A123FDBF2C009C1FC1 /* RecipeDetailViewController.swift in Sources */ = {isa = PBXBuildFile; fileRef = 37B2F3A023FDBF2C009C1FC1 /* RecipeDetailViewController.swift */; };
		7EEEE89CE2103410687BF957 /* Pods_FirstApp.framework in Frameworks */ = {isa = PBXBuildFile; fileRef = 684B222FD863115133B4D4EB /* Pods_FirstApp.framework */; };
/* End PBXBuildFile section */

/* Begin PBXContainerItemProxy section */
		377A977B241CF1B200216C32 /* PBXContainerItemProxy */ = {
			isa = PBXContainerItemProxy;
			containerPortal = 3794CCD423EBB51400693C03 /* Project object */;
			proxyType = 1;
			remoteGlobalIDString = 3794CCDB23EBB51400693C03;
			remoteInfo = FirstApp;
		};
		3794CCF323EBB51500693C03 /* PBXContainerItemProxy */ = {
			isa = PBXContainerItemProxy;
			containerPortal = 3794CCD423EBB51400693C03 /* Project object */;
			proxyType = 1;
			remoteGlobalIDString = 3794CCDB23EBB51400693C03;
			remoteInfo = FirstApp;
		};
/* End PBXContainerItemProxy section */

/* Begin PBXFileReference section */
		04F28EEA7D562D07E7A028F1 /* Pods-FirstApp.debug.xcconfig */ = {isa = PBXFileReference; includeInIndex = 1; lastKnownFileType = text.xcconfig; name = "Pods-FirstApp.debug.xcconfig"; path = "Target Support Files/Pods-FirstApp/Pods-FirstApp.debug.xcconfig"; sourceTree = "<group>"; };
		126CB083A5756537CEA47B51 /* Pods_FirstAppTests.framework */ = {isa = PBXFileReference; explicitFileType = wrapper.framework; includeInIndex = 0; path = Pods_FirstAppTests.framework; sourceTree = BUILT_PRODUCTS_DIR; };
		14D8943666E49A28A3422C91 /* Pods-FirstAppTests.debug.xcconfig */ = {isa = PBXFileReference; includeInIndex = 1; lastKnownFileType = text.xcconfig; name = "Pods-FirstAppTests.debug.xcconfig"; path = "Target Support Files/Pods-FirstAppTests/Pods-FirstAppTests.debug.xcconfig"; sourceTree = "<group>"; };
		1C0ABE5321EBD28D58BFC757 /* Pods-FirstAppTests.release.xcconfig */ = {isa = PBXFileReference; includeInIndex = 1; lastKnownFileType = text.xcconfig; name = "Pods-FirstAppTests.release.xcconfig"; path = "Target Support Files/Pods-FirstAppTests/Pods-FirstAppTests.release.xcconfig"; sourceTree = "<group>"; };
		375E7B7124122FD800536863 /* UtilitiesUnitTests.swift */ = {isa = PBXFileReference; lastKnownFileType = sourcecode.swift; path = UtilitiesUnitTests.swift; sourceTree = "<group>"; };
		375E7B732412373D00536863 /* UserModelUnitTests.swift */ = {isa = PBXFileReference; lastKnownFileType = sourcecode.swift; path = UserModelUnitTests.swift; sourceTree = "<group>"; };
		375E7B9B2416170400536863 /* RecipeModelUnitTests.swift */ = {isa = PBXFileReference; lastKnownFileType = sourcecode.swift; path = RecipeModelUnitTests.swift; sourceTree = "<group>"; };
		375E7B9D2416179300536863 /* RecipeViewModelServiceTests.swift */ = {isa = PBXFileReference; lastKnownFileType = sourcecode.swift; path = RecipeViewModelServiceTests.swift; sourceTree = "<group>"; };
		375E7B9F2416196200536863 /* UserMock.swift */ = {isa = PBXFileReference; lastKnownFileType = sourcecode.swift; path = UserMock.swift; sourceTree = "<group>"; };
		3760CD0E240E3A3C005DD6F3 /* WebViewController.swift */ = {isa = PBXFileReference; lastKnownFileType = sourcecode.swift; path = WebViewController.swift; sourceTree = "<group>"; };
		376127002424A0B1008EBAAE /* FirstApp-Bridging-Header.h */ = {isa = PBXFileReference; lastKnownFileType = sourcecode.c.h; path = "FirstApp-Bridging-Header.h"; sourceTree = "<group>"; };
		376127012424A0B1008EBAAE /* FavouritesObjectiveCViewController.h */ = {isa = PBXFileReference; lastKnownFileType = sourcecode.c.h; path = FavouritesObjectiveCViewController.h; sourceTree = "<group>"; };
		376127022424A0B1008EBAAE /* FavouritesObjectiveCViewController.m */ = {isa = PBXFileReference; lastKnownFileType = sourcecode.c.objc; path = FavouritesObjectiveCViewController.m; sourceTree = "<group>"; };
		3761270924278B5A008EBAAE /* RecipeListViewController.swift */ = {isa = PBXFileReference; lastKnownFileType = sourcecode.swift; path = RecipeListViewController.swift; sourceTree = "<group>"; };
		3761270B24279A38008EBAAE /* RecipeCellTableViewCell.swift */ = {isa = PBXFileReference; lastKnownFileType = sourcecode.swift; path = RecipeCellTableViewCell.swift; sourceTree = "<group>"; };
		376CF62923F143B50030C871 /* LoginEmailViewController.swift */ = {isa = PBXFileReference; lastKnownFileType = sourcecode.swift; path = LoginEmailViewController.swift; sourceTree = "<group>"; };
		376CF62B23F146950030C871 /* SignUpEmailViewController.swift */ = {isa = PBXFileReference; lastKnownFileType = sourcecode.swift; path = SignUpEmailViewController.swift; sourceTree = "<group>"; };
		376CF62F23F27D4A0030C871 /* GoogleService-Info.plist */ = {isa = PBXFileReference; fileEncoding = 4; lastKnownFileType = text.plist.xml; path = "GoogleService-Info.plist"; sourceTree = "<group>"; };
		376CF63123F27FCA0030C871 /* HomeViewController.swift */ = {isa = PBXFileReference; lastKnownFileType = sourcecode.swift; path = HomeViewController.swift; sourceTree = "<group>"; };
		377A9776241CF1B100216C32 /* FirstAppUITests.xctest */ = {isa = PBXFileReference; explicitFileType = wrapper.cfbundle; includeInIndex = 0; path = FirstAppUITests.xctest; sourceTree = BUILT_PRODUCTS_DIR; };
		377A9778241CF1B200216C32 /* SignUpUITests.swift */ = {isa = PBXFileReference; lastKnownFileType = sourcecode.swift; path = SignUpUITests.swift; sourceTree = "<group>"; };
		377A977A241CF1B200216C32 /* Info.plist */ = {isa = PBXFileReference; lastKnownFileType = text.plist.xml; path = Info.plist; sourceTree = "<group>"; };
		377A9780241CFE8600216C32 /* XCTUIApplicationExtension.swift */ = {isa = PBXFileReference; lastKnownFileType = sourcecode.swift; path = XCTUIApplicationExtension.swift; sourceTree = "<group>"; };
		377A9782241D818E00216C32 /* LoginUITests.swift */ = {isa = PBXFileReference; lastKnownFileType = sourcecode.swift; path = LoginUITests.swift; sourceTree = "<group>"; };
		377A9784241E355B00216C32 /* APIUITests.swift */ = {isa = PBXFileReference; lastKnownFileType = sourcecode.swift; path = APIUITests.swift; sourceTree = "<group>"; };
		3794CCDC23EBB51400693C03 /* FirstApp.app */ = {isa = PBXFileReference; explicitFileType = wrapper.application; includeInIndex = 0; path = FirstApp.app; sourceTree = BUILT_PRODUCTS_DIR; };
		3794CCDF23EBB51400693C03 /* AppDelegate.swift */ = {isa = PBXFileReference; lastKnownFileType = sourcecode.swift; path = AppDelegate.swift; sourceTree = "<group>"; };
		3794CCE123EBB51400693C03 /* SceneDelegate.swift */ = {isa = PBXFileReference; lastKnownFileType = sourcecode.swift; path = SceneDelegate.swift; sourceTree = "<group>"; };
		3794CCE323EBB51400693C03 /* ViewController.swift */ = {isa = PBXFileReference; lastKnownFileType = sourcecode.swift; path = ViewController.swift; sourceTree = "<group>"; };
		3794CCE623EBB51400693C03 /* Base */ = {isa = PBXFileReference; lastKnownFileType = file.storyboard; name = Base; path = Base.lproj/Main.storyboard; sourceTree = "<group>"; };
		3794CCE823EBB51400693C03 /* Assets.xcassets */ = {isa = PBXFileReference; lastKnownFileType = folder.assetcatalog; path = Assets.xcassets; sourceTree = "<group>"; };
		3794CCEB23EBB51400693C03 /* Base */ = {isa = PBXFileReference; lastKnownFileType = file.storyboard; name = Base; path = Base.lproj/LaunchScreen.storyboard; sourceTree = "<group>"; };
		3794CCED23EBB51400693C03 /* Info.plist */ = {isa = PBXFileReference; lastKnownFileType = text.plist.xml; path = Info.plist; sourceTree = "<group>"; };
		3794CCF223EBB51500693C03 /* FirstAppTests.xctest */ = {isa = PBXFileReference; explicitFileType = wrapper.cfbundle; includeInIndex = 0; path = FirstAppTests.xctest; sourceTree = BUILT_PRODUCTS_DIR; };
		3794CCF823EBB51500693C03 /* Info.plist */ = {isa = PBXFileReference; lastKnownFileType = text.plist.xml; path = Info.plist; sourceTree = "<group>"; };
		3796271824084F29004C2BDE /* User.swift */ = {isa = PBXFileReference; lastKnownFileType = sourcecode.swift; path = User.swift; sourceTree = "<group>"; };
		3796271A24084F9B004C2BDE /* UserViewModel.swift */ = {isa = PBXFileReference; lastKnownFileType = sourcecode.swift; name = UserViewModel.swift; path = FirstApp/Model/UserViewModel.swift; sourceTree = SOURCE_ROOT; };
		37A33625242B0BE0001EB8D0 /* TabViewController.swift */ = {isa = PBXFileReference; lastKnownFileType = sourcecode.swift; path = TabViewController.swift; sourceTree = "<group>"; };
		37A3362A242C6DAA001EB8D0 /* FavouriteTableViewCell.h */ = {isa = PBXFileReference; lastKnownFileType = sourcecode.c.h; path = FavouriteTableViewCell.h; sourceTree = "<group>"; };
		37A3362B242C6DAA001EB8D0 /* FavouriteTableViewCell.m */ = {isa = PBXFileReference; lastKnownFileType = sourcecode.c.objc; path = FavouriteTableViewCell.m; sourceTree = "<group>"; };
		37B2F39623FD01E0009C1FC1 /* CellTableViewCell.swift */ = {isa = PBXFileReference; lastKnownFileType = sourcecode.swift; path = CellTableViewCell.swift; sourceTree = "<group>"; };
		37B2F3A023FDBF2C009C1FC1 /* RecipeDetailViewController.swift */ = {isa = PBXFileReference; lastKnownFileType = sourcecode.swift; path = RecipeDetailViewController.swift; sourceTree = "<group>"; };
		684B222FD863115133B4D4EB /* Pods_FirstApp.framework */ = {isa = PBXFileReference; explicitFileType = wrapper.framework; includeInIndex = 0; path = Pods_FirstApp.framework; sourceTree = BUILT_PRODUCTS_DIR; };
		8F22AD3E794198475D1EAA69 /* Pods-FirstApp.release.xcconfig */ = {isa = PBXFileReference; includeInIndex = 1; lastKnownFileType = text.xcconfig; name = "Pods-FirstApp.release.xcconfig"; path = "Target Support Files/Pods-FirstApp/Pods-FirstApp.release.xcconfig"; sourceTree = "<group>"; };
/* End PBXFileReference section */

/* Begin PBXFrameworksBuildPhase section */
		377A9773241CF1B100216C32 /* Frameworks */ = {
			isa = PBXFrameworksBuildPhase;
			buildActionMask = 2147483647;
			files = (
			);
			runOnlyForDeploymentPostprocessing = 0;
		};
		3794CCD923EBB51400693C03 /* Frameworks */ = {
			isa = PBXFrameworksBuildPhase;
			buildActionMask = 2147483647;
			files = (
				7EEEE89CE2103410687BF957 /* Pods_FirstApp.framework in Frameworks */,
			);
			runOnlyForDeploymentPostprocessing = 0;
		};
		3794CCEF23EBB51500693C03 /* Frameworks */ = {
			isa = PBXFrameworksBuildPhase;
			buildActionMask = 2147483647;
			files = (
				11A6ECF118B635FAF9ECE6C4 /* Pods_FirstAppTests.framework in Frameworks */,
			);
			runOnlyForDeploymentPostprocessing = 0;
		};
/* End PBXFrameworksBuildPhase section */

/* Begin PBXGroup section */
		374F4DDA24063E9B0074E2DB /* Model */ = {
			isa = PBXGroup;
			children = (
				3796271824084F29004C2BDE /* User.swift */,
			);
			path = Model;
			sourceTree = "<group>";
		};
		374F4DDB24063F970074E2DB /* ViewModel */ = {
			isa = PBXGroup;
			children = (
				3796271A24084F9B004C2BDE /* UserViewModel.swift */,
			);
			name = ViewModel;
			path = ../Pods/Dev_Pod/ViewModel;
			sourceTree = "<group>";
		};
		376CF62623F1429B0030C871 /* View */ = {
			isa = PBXGroup;
			children = (
				376CF63123F27FCA0030C871 /* HomeViewController.swift */,
				376CF62923F143B50030C871 /* LoginEmailViewController.swift */,
				376CF62B23F146950030C871 /* SignUpEmailViewController.swift */,
				3794CCE323EBB51400693C03 /* ViewController.swift */,
				37B2F39623FD01E0009C1FC1 /* CellTableViewCell.swift */,
				37B2F3A023FDBF2C009C1FC1 /* RecipeDetailViewController.swift */,
				3760CD0E240E3A3C005DD6F3 /* WebViewController.swift */,
				3761270924278B5A008EBAAE /* RecipeListViewController.swift */,
				3761270B24279A38008EBAAE /* RecipeCellTableViewCell.swift */,
				37A33625242B0BE0001EB8D0 /* TabViewController.swift */,
				37A3362A242C6DAA001EB8D0 /* FavouriteTableViewCell.h */,
				37A3362B242C6DAA001EB8D0 /* FavouriteTableViewCell.m */,
			);
			path = View;
			sourceTree = "<group>";
		};
		377A9777241CF1B200216C32 /* FirstAppUITests */ = {
			isa = PBXGroup;
			children = (
				377A9778241CF1B200216C32 /* SignUpUITests.swift */,
				377A977A241CF1B200216C32 /* Info.plist */,
				377A9780241CFE8600216C32 /* XCTUIApplicationExtension.swift */,
				377A9782241D818E00216C32 /* LoginUITests.swift */,
				377A9784241E355B00216C32 /* APIUITests.swift */,
			);
			path = FirstAppUITests;
			sourceTree = "<group>";
		};
		3794CCD323EBB51400693C03 = {
			isa = PBXGroup;
			children = (
				3794CCDE23EBB51400693C03 /* FirstApp */,
				3794CCF523EBB51500693C03 /* FirstAppTests */,
				377A9777241CF1B200216C32 /* FirstAppUITests */,
				3794CCDD23EBB51400693C03 /* Products */,
				A8C1645A36DA521CD621E4FB /* Pods */,
				D234B619F93EF498B1542F29 /* Frameworks */,
			);
			sourceTree = "<group>";
		};
		3794CCDD23EBB51400693C03 /* Products */ = {
			isa = PBXGroup;
			children = (
				3794CCDC23EBB51400693C03 /* FirstApp.app */,
				3794CCF223EBB51500693C03 /* FirstAppTests.xctest */,
				377A9776241CF1B100216C32 /* FirstAppUITests.xctest */,
			);
			name = Products;
			sourceTree = "<group>";
		};
		3794CCDE23EBB51400693C03 /* FirstApp */ = {
			isa = PBXGroup;
			children = (
				374F4DDB24063F970074E2DB /* ViewModel */,
				3794CCDF23EBB51400693C03 /* AppDelegate.swift */,
				3794CCE123EBB51400693C03 /* SceneDelegate.swift */,
				374F4DDA24063E9B0074E2DB /* Model */,
				376CF62623F1429B0030C871 /* View */,
				3794CCE523EBB51400693C03 /* Main.storyboard */,
				3794CCE823EBB51400693C03 /* Assets.xcassets */,
				3794CCEA23EBB51400693C03 /* LaunchScreen.storyboard */,
				3794CCED23EBB51400693C03 /* Info.plist */,
				376CF62F23F27D4A0030C871 /* GoogleService-Info.plist */,
				376127012424A0B1008EBAAE /* FavouritesObjectiveCViewController.h */,
				376127022424A0B1008EBAAE /* FavouritesObjectiveCViewController.m */,
				376127002424A0B1008EBAAE /* FirstApp-Bridging-Header.h */,
			);
			path = FirstApp;
			sourceTree = "<group>";
		};
		3794CCF523EBB51500693C03 /* FirstAppTests */ = {
			isa = PBXGroup;
			children = (
				3794CCF823EBB51500693C03 /* Info.plist */,
				375E7B7124122FD800536863 /* UtilitiesUnitTests.swift */,
				375E7B732412373D00536863 /* UserModelUnitTests.swift */,
				375E7B9B2416170400536863 /* RecipeModelUnitTests.swift */,
				375E7B9D2416179300536863 /* RecipeViewModelServiceTests.swift */,
				375E7B9F2416196200536863 /* UserMock.swift */,
			);
			path = FirstAppTests;
			sourceTree = "<group>";
		};
		A8C1645A36DA521CD621E4FB /* Pods */ = {
			isa = PBXGroup;
			children = (
				04F28EEA7D562D07E7A028F1 /* Pods-FirstApp.debug.xcconfig */,
				8F22AD3E794198475D1EAA69 /* Pods-FirstApp.release.xcconfig */,
				14D8943666E49A28A3422C91 /* Pods-FirstAppTests.debug.xcconfig */,
				1C0ABE5321EBD28D58BFC757 /* Pods-FirstAppTests.release.xcconfig */,
			);
			path = Pods;
			sourceTree = "<group>";
		};
		D234B619F93EF498B1542F29 /* Frameworks */ = {
			isa = PBXGroup;
			children = (
				684B222FD863115133B4D4EB /* Pods_FirstApp.framework */,
				126CB083A5756537CEA47B51 /* Pods_FirstAppTests.framework */,
			);
			name = Frameworks;
			sourceTree = "<group>";
		};
/* End PBXGroup section */

/* Begin PBXNativeTarget section */
		377A9775241CF1B100216C32 /* FirstAppUITests */ = {
			isa = PBXNativeTarget;
			buildConfigurationList = 377A977D241CF1B200216C32 /* Build configuration list for PBXNativeTarget "FirstAppUITests" */;
			buildPhases = (
				377A9772241CF1B100216C32 /* Sources */,
				377A9773241CF1B100216C32 /* Frameworks */,
				377A9774241CF1B100216C32 /* Resources */,
			);
			buildRules = (
			);
			dependencies = (
				377A977C241CF1B200216C32 /* PBXTargetDependency */,
			);
			name = FirstAppUITests;
			productName = FirstAppUITests;
			productReference = 377A9776241CF1B100216C32 /* FirstAppUITests.xctest */;
			productType = "com.apple.product-type.bundle.ui-testing";
		};
		3794CCDB23EBB51400693C03 /* FirstApp */ = {
			isa = PBXNativeTarget;
			buildConfigurationList = 3794CCFB23EBB51500693C03 /* Build configuration list for PBXNativeTarget "FirstApp" */;
			buildPhases = (
				8209B78CB04B3B6027F17CE6 /* [CP] Check Pods Manifest.lock */,
				3794CCD823EBB51400693C03 /* Sources */,
				3794CCD923EBB51400693C03 /* Frameworks */,
				3794CCDA23EBB51400693C03 /* Resources */,
				6F8CE0EAC3CA4F4AF260FF9D /* [CP] Embed Pods Frameworks */,
				376CF66323F2C2AD0030C871 /* ShellScript */,
			);
			buildRules = (
			);
			dependencies = (
			);
			name = FirstApp;
			productName = FirstApp;
			productReference = 3794CCDC23EBB51400693C03 /* FirstApp.app */;
			productType = "com.apple.product-type.application";
		};
		3794CCF123EBB51500693C03 /* FirstAppTests */ = {
			isa = PBXNativeTarget;
			buildConfigurationList = 3794CCFE23EBB51500693C03 /* Build configuration list for PBXNativeTarget "FirstAppTests" */;
			buildPhases = (
				BEDE0169B7722375E13AA7DE /* [CP] Check Pods Manifest.lock */,
				3794CCEE23EBB51500693C03 /* Sources */,
				3794CCEF23EBB51500693C03 /* Frameworks */,
				3794CCF023EBB51500693C03 /* Resources */,
			);
			buildRules = (
			);
			dependencies = (
				3794CCF423EBB51500693C03 /* PBXTargetDependency */,
			);
			name = FirstAppTests;
			productName = FirstAppTests;
			productReference = 3794CCF223EBB51500693C03 /* FirstAppTests.xctest */;
			productType = "com.apple.product-type.bundle.unit-test";
		};
/* End PBXNativeTarget section */

/* Begin PBXProject section */
		3794CCD423EBB51400693C03 /* Project object */ = {
			isa = PBXProject;
			attributes = {
				LastSwiftUpdateCheck = 1130;
				LastUpgradeCheck = 1130;
				ORGANIZATIONNAME = "Akua Afrane-Okese";
				TargetAttributes = {
					377A9775241CF1B100216C32 = {
						CreatedOnToolsVersion = 11.3.1;
						TestTargetID = 3794CCDB23EBB51400693C03;
					};
					3794CCDB23EBB51400693C03 = {
						CreatedOnToolsVersion = 11.3.1;
						LastSwiftMigration = 1130;
					};
					3794CCF123EBB51500693C03 = {
						CreatedOnToolsVersion = 11.3.1;
						TestTargetID = 3794CCDB23EBB51400693C03;
					};
				};
			};
			buildConfigurationList = 3794CCD723EBB51400693C03 /* Build configuration list for PBXProject "FirstApp" */;
			compatibilityVersion = "Xcode 9.3";
			developmentRegion = en;
			hasScannedForEncodings = 0;
			knownRegions = (
				en,
				Base,
			);
			mainGroup = 3794CCD323EBB51400693C03;
			productRefGroup = 3794CCDD23EBB51400693C03 /* Products */;
			projectDirPath = "";
			projectRoot = "";
			targets = (
				3794CCDB23EBB51400693C03 /* FirstApp */,
				3794CCF123EBB51500693C03 /* FirstAppTests */,
				377A9775241CF1B100216C32 /* FirstAppUITests */,
			);
		};
/* End PBXProject section */

/* Begin PBXResourcesBuildPhase section */
		377A9774241CF1B100216C32 /* Resources */ = {
			isa = PBXResourcesBuildPhase;
			buildActionMask = 2147483647;
			files = (
			);
			runOnlyForDeploymentPostprocessing = 0;
		};
		3794CCDA23EBB51400693C03 /* Resources */ = {
			isa = PBXResourcesBuildPhase;
			buildActionMask = 2147483647;
			files = (
				3794CCEC23EBB51400693C03 /* LaunchScreen.storyboard in Resources */,
				376CF63023F27D4A0030C871 /* GoogleService-Info.plist in Resources */,
				3794CCE923EBB51400693C03 /* Assets.xcassets in Resources */,
				3794CCE723EBB51400693C03 /* Main.storyboard in Resources */,
			);
			runOnlyForDeploymentPostprocessing = 0;
		};
		3794CCF023EBB51500693C03 /* Resources */ = {
			isa = PBXResourcesBuildPhase;
			buildActionMask = 2147483647;
			files = (
			);
			runOnlyForDeploymentPostprocessing = 0;
		};
/* End PBXResourcesBuildPhase section */

/* Begin PBXShellScriptBuildPhase section */
		376CF66323F2C2AD0030C871 /* ShellScript */ = {
			isa = PBXShellScriptBuildPhase;
			buildActionMask = 2147483647;
			files = (
			);
			inputFileListPaths = (
			);
			inputPaths = (
			);
			outputFileListPaths = (
			);
			outputPaths = (
			);
			runOnlyForDeploymentPostprocessing = 0;
			shellPath = /bin/sh;
			shellScript = "if which swiftlint >/dev/null; then\n  swiftlint\nelse\n  echo \"warning: SwiftLint not installed, download from https://github.com/realm/SwiftLint\"\nfi\n";
		};
		6F8CE0EAC3CA4F4AF260FF9D /* [CP] Embed Pods Frameworks */ = {
			isa = PBXShellScriptBuildPhase;
			buildActionMask = 2147483647;
			files = (
			);
			inputFileListPaths = (
				"${PODS_ROOT}/Target Support Files/Pods-FirstApp/Pods-FirstApp-frameworks-${CONFIGURATION}-input-files.xcfilelist",
			);
			name = "[CP] Embed Pods Frameworks";
			outputFileListPaths = (
				"${PODS_ROOT}/Target Support Files/Pods-FirstApp/Pods-FirstApp-frameworks-${CONFIGURATION}-output-files.xcfilelist",
			);
			runOnlyForDeploymentPostprocessing = 0;
			shellPath = /bin/sh;
			shellScript = "\"${PODS_ROOT}/Target Support Files/Pods-FirstApp/Pods-FirstApp-frameworks.sh\"\n";
			showEnvVarsInLog = 0;
		};
		8209B78CB04B3B6027F17CE6 /* [CP] Check Pods Manifest.lock */ = {
			isa = PBXShellScriptBuildPhase;
			buildActionMask = 2147483647;
			files = (
			);
			inputFileListPaths = (
			);
			inputPaths = (
				"${PODS_PODFILE_DIR_PATH}/Podfile.lock",
				"${PODS_ROOT}/Manifest.lock",
			);
			name = "[CP] Check Pods Manifest.lock";
			outputFileListPaths = (
			);
			outputPaths = (
				"$(DERIVED_FILE_DIR)/Pods-FirstApp-checkManifestLockResult.txt",
			);
			runOnlyForDeploymentPostprocessing = 0;
			shellPath = /bin/sh;
			shellScript = "diff \"${PODS_PODFILE_DIR_PATH}/Podfile.lock\" \"${PODS_ROOT}/Manifest.lock\" > /dev/null\nif [ $? != 0 ] ; then\n    # print error to STDERR\n    echo \"error: The sandbox is not in sync with the Podfile.lock. Run 'pod install' or update your CocoaPods installation.\" >&2\n    exit 1\nfi\n# This output is used by Xcode 'outputs' to avoid re-running this script phase.\necho \"SUCCESS\" > \"${SCRIPT_OUTPUT_FILE_0}\"\n";
			showEnvVarsInLog = 0;
		};
		BEDE0169B7722375E13AA7DE /* [CP] Check Pods Manifest.lock */ = {
			isa = PBXShellScriptBuildPhase;
			buildActionMask = 2147483647;
			files = (
			);
			inputFileListPaths = (
			);
			inputPaths = (
				"${PODS_PODFILE_DIR_PATH}/Podfile.lock",
				"${PODS_ROOT}/Manifest.lock",
			);
			name = "[CP] Check Pods Manifest.lock";
			outputFileListPaths = (
			);
			outputPaths = (
				"$(DERIVED_FILE_DIR)/Pods-FirstAppTests-checkManifestLockResult.txt",
			);
			runOnlyForDeploymentPostprocessing = 0;
			shellPath = /bin/sh;
			shellScript = "diff \"${PODS_PODFILE_DIR_PATH}/Podfile.lock\" \"${PODS_ROOT}/Manifest.lock\" > /dev/null\nif [ $? != 0 ] ; then\n    # print error to STDERR\n    echo \"error: The sandbox is not in sync with the Podfile.lock. Run 'pod install' or update your CocoaPods installation.\" >&2\n    exit 1\nfi\n# This output is used by Xcode 'outputs' to avoid re-running this script phase.\necho \"SUCCESS\" > \"${SCRIPT_OUTPUT_FILE_0}\"\n";
			showEnvVarsInLog = 0;
		};
/* End PBXShellScriptBuildPhase section */

/* Begin PBXSourcesBuildPhase section */
		377A9772241CF1B100216C32 /* Sources */ = {
			isa = PBXSourcesBuildPhase;
			buildActionMask = 2147483647;
			files = (
				377A9781241CFE8600216C32 /* XCTUIApplicationExtension.swift in Sources */,
				377A9783241D818E00216C32 /* LoginUITests.swift in Sources */,
				377A9785241E355B00216C32 /* APIUITests.swift in Sources */,
				377A9779241CF1B200216C32 /* SignUpUITests.swift in Sources */,
			);
			runOnlyForDeploymentPostprocessing = 0;
		};
		3794CCD823EBB51400693C03 /* Sources */ = {
			isa = PBXSourcesBuildPhase;
			buildActionMask = 2147483647;
			files = (
				376127032424A0B1008EBAAE /* FavouritesObjectiveCViewController.m in Sources */,
				3796271924084F29004C2BDE /* User.swift in Sources */,
				3761270A24278B5A008EBAAE /* RecipeListViewController.swift in Sources */,
				37A33626242B0BE0001EB8D0 /* TabViewController.swift in Sources */,
				3760CD0F240E3A3C005DD6F3 /* WebViewController.swift in Sources */,
				3794CCE423EBB51400693C03 /* ViewController.swift in Sources */,
				37B2F3A123FDBF2C009C1FC1 /* RecipeDetailViewController.swift in Sources */,
				376CF63223F27FCA0030C871 /* HomeViewController.swift in Sources */,
				3794CCE023EBB51400693C03 /* AppDelegate.swift in Sources */,
				3796271B24084F9B004C2BDE /* UserViewModel.swift in Sources */,
				376CF62C23F146950030C871 /* SignUpEmailViewController.swift in Sources */,
				37A3362C242C6DAA001EB8D0 /* FavouriteTableViewCell.m in Sources */,
				3794CCE223EBB51400693C03 /* SceneDelegate.swift in Sources */,
				3761270C24279A38008EBAAE /* RecipeCellTableViewCell.swift in Sources */,
				376CF62A23F143B50030C871 /* LoginEmailViewController.swift in Sources */,
				37B2F39723FD01E0009C1FC1 /* CellTableViewCell.swift in Sources */,
			);
			runOnlyForDeploymentPostprocessing = 0;
		};
		3794CCEE23EBB51500693C03 /* Sources */ = {
			isa = PBXSourcesBuildPhase;
			buildActionMask = 2147483647;
			files = (
				375E7BA02416196200536863 /* UserMock.swift in Sources */,
				375E7B7224122FD800536863 /* UtilitiesUnitTests.swift in Sources */,
				375E7B9E2416179300536863 /* RecipeViewModelServiceTests.swift in Sources */,
				375E7B9C2416170400536863 /* RecipeModelUnitTests.swift in Sources */,
				375E7B742412373D00536863 /* UserModelUnitTests.swift in Sources */,
			);
			runOnlyForDeploymentPostprocessing = 0;
		};
/* End PBXSourcesBuildPhase section */

/* Begin PBXTargetDependency section */
		377A977C241CF1B200216C32 /* PBXTargetDependency */ = {
			isa = PBXTargetDependency;
			target = 3794CCDB23EBB51400693C03 /* FirstApp */;
			targetProxy = 377A977B241CF1B200216C32 /* PBXContainerItemProxy */;
		};
		3794CCF423EBB51500693C03 /* PBXTargetDependency */ = {
			isa = PBXTargetDependency;
			target = 3794CCDB23EBB51400693C03 /* FirstApp */;
			targetProxy = 3794CCF323EBB51500693C03 /* PBXContainerItemProxy */;
		};
/* End PBXTargetDependency section */

/* Begin PBXVariantGroup section */
		3794CCE523EBB51400693C03 /* Main.storyboard */ = {
			isa = PBXVariantGroup;
			children = (
				3794CCE623EBB51400693C03 /* Base */,
			);
			name = Main.storyboard;
			sourceTree = "<group>";
		};
		3794CCEA23EBB51400693C03 /* LaunchScreen.storyboard */ = {
			isa = PBXVariantGroup;
			children = (
				3794CCEB23EBB51400693C03 /* Base */,
			);
			name = LaunchScreen.storyboard;
			sourceTree = "<group>";
		};
/* End PBXVariantGroup section */

/* Begin XCBuildConfiguration section */
		377A977E241CF1B200216C32 /* Debug */ = {
			isa = XCBuildConfiguration;
			buildSettings = {
				CODE_SIGN_STYLE = Automatic;
				DEVELOPMENT_TEAM = GLK7J5PP82;
				INFOPLIST_FILE = FirstAppUITests/Info.plist;
				LD_RUNPATH_SEARCH_PATHS = (
					"$(inherited)",
					"@executable_path/Frameworks",
					"@loader_path/Frameworks",
				);
				PRODUCT_BUNDLE_IDENTIFIER = za.co.dvt.FirstAppUITests;
				PRODUCT_NAME = "$(TARGET_NAME)";
				SWIFT_VERSION = 5.0;
				TARGETED_DEVICE_FAMILY = "1,2";
				TEST_TARGET_NAME = FirstApp;
			};
			name = Debug;
		};
		377A977F241CF1B200216C32 /* Release */ = {
			isa = XCBuildConfiguration;
			buildSettings = {
				CODE_SIGN_STYLE = Automatic;
				DEVELOPMENT_TEAM = GLK7J5PP82;
				INFOPLIST_FILE = FirstAppUITests/Info.plist;
				LD_RUNPATH_SEARCH_PATHS = (
					"$(inherited)",
					"@executable_path/Frameworks",
					"@loader_path/Frameworks",
				);
				PRODUCT_BUNDLE_IDENTIFIER = za.co.dvt.FirstAppUITests;
				PRODUCT_NAME = "$(TARGET_NAME)";
				SWIFT_VERSION = 5.0;
				TARGETED_DEVICE_FAMILY = "1,2";
				TEST_TARGET_NAME = FirstApp;
			};
			name = Release;
		};
		3794CCF923EBB51500693C03 /* Debug */ = {
			isa = XCBuildConfiguration;
			buildSettings = {
				ALWAYS_SEARCH_USER_PATHS = NO;
				CLANG_ANALYZER_NONNULL = YES;
				CLANG_ANALYZER_NUMBER_OBJECT_CONVERSION = YES_AGGRESSIVE;
				CLANG_CXX_LANGUAGE_STANDARD = "gnu++14";
				CLANG_CXX_LIBRARY = "libc++";
				CLANG_ENABLE_MODULES = YES;
				CLANG_ENABLE_OBJC_ARC = YES;
				CLANG_ENABLE_OBJC_WEAK = YES;
				CLANG_WARN_BLOCK_CAPTURE_AUTORELEASING = YES;
				CLANG_WARN_BOOL_CONVERSION = YES;
				CLANG_WARN_COMMA = YES;
				CLANG_WARN_CONSTANT_CONVERSION = YES;
				CLANG_WARN_DEPRECATED_OBJC_IMPLEMENTATIONS = YES;
				CLANG_WARN_DIRECT_OBJC_ISA_USAGE = YES_ERROR;
				CLANG_WARN_DOCUMENTATION_COMMENTS = YES;
				CLANG_WARN_EMPTY_BODY = YES;
				CLANG_WARN_ENUM_CONVERSION = YES;
				CLANG_WARN_INFINITE_RECURSION = YES;
				CLANG_WARN_INT_CONVERSION = YES;
				CLANG_WARN_NON_LITERAL_NULL_CONVERSION = YES;
				CLANG_WARN_OBJC_IMPLICIT_RETAIN_SELF = YES;
				CLANG_WARN_OBJC_LITERAL_CONVERSION = YES;
				CLANG_WARN_OBJC_ROOT_CLASS = YES_ERROR;
				CLANG_WARN_RANGE_LOOP_ANALYSIS = YES;
				CLANG_WARN_STRICT_PROTOTYPES = YES;
				CLANG_WARN_SUSPICIOUS_MOVE = YES;
				CLANG_WARN_UNGUARDED_AVAILABILITY = YES_AGGRESSIVE;
				CLANG_WARN_UNREACHABLE_CODE = YES;
				CLANG_WARN__DUPLICATE_METHOD_MATCH = YES;
				COPY_PHASE_STRIP = NO;
				DEBUG_INFORMATION_FORMAT = dwarf;
				ENABLE_STRICT_OBJC_MSGSEND = YES;
				ENABLE_TESTABILITY = YES;
				GCC_C_LANGUAGE_STANDARD = gnu11;
				GCC_DYNAMIC_NO_PIC = NO;
				GCC_NO_COMMON_BLOCKS = YES;
				GCC_OPTIMIZATION_LEVEL = 0;
				GCC_PREPROCESSOR_DEFINITIONS = (
					"DEBUG=1",
					"$(inherited)",
				);
				GCC_WARN_64_TO_32_BIT_CONVERSION = YES;
				GCC_WARN_ABOUT_RETURN_TYPE = YES_ERROR;
				GCC_WARN_UNDECLARED_SELECTOR = YES;
				GCC_WARN_UNINITIALIZED_AUTOS = YES_AGGRESSIVE;
				GCC_WARN_UNUSED_FUNCTION = YES;
				GCC_WARN_UNUSED_VARIABLE = YES;
				IPHONEOS_DEPLOYMENT_TARGET = 13.2;
				MTL_ENABLE_DEBUG_INFO = INCLUDE_SOURCE;
				MTL_FAST_MATH = YES;
				ONLY_ACTIVE_ARCH = YES;
				SDKROOT = iphoneos;
				SWIFT_ACTIVE_COMPILATION_CONDITIONS = DEBUG;
				SWIFT_OPTIMIZATION_LEVEL = "-Onone";
			};
			name = Debug;
		};
		3794CCFA23EBB51500693C03 /* Release */ = {
			isa = XCBuildConfiguration;
			buildSettings = {
				ALWAYS_SEARCH_USER_PATHS = NO;
				CLANG_ANALYZER_NONNULL = YES;
				CLANG_ANALYZER_NUMBER_OBJECT_CONVERSION = YES_AGGRESSIVE;
				CLANG_CXX_LANGUAGE_STANDARD = "gnu++14";
				CLANG_CXX_LIBRARY = "libc++";
				CLANG_ENABLE_MODULES = YES;
				CLANG_ENABLE_OBJC_ARC = YES;
				CLANG_ENABLE_OBJC_WEAK = YES;
				CLANG_WARN_BLOCK_CAPTURE_AUTORELEASING = YES;
				CLANG_WARN_BOOL_CONVERSION = YES;
				CLANG_WARN_COMMA = YES;
				CLANG_WARN_CONSTANT_CONVERSION = YES;
				CLANG_WARN_DEPRECATED_OBJC_IMPLEMENTATIONS = YES;
				CLANG_WARN_DIRECT_OBJC_ISA_USAGE = YES_ERROR;
				CLANG_WARN_DOCUMENTATION_COMMENTS = YES;
				CLANG_WARN_EMPTY_BODY = YES;
				CLANG_WARN_ENUM_CONVERSION = YES;
				CLANG_WARN_INFINITE_RECURSION = YES;
				CLANG_WARN_INT_CONVERSION = YES;
				CLANG_WARN_NON_LITERAL_NULL_CONVERSION = YES;
				CLANG_WARN_OBJC_IMPLICIT_RETAIN_SELF = YES;
				CLANG_WARN_OBJC_LITERAL_CONVERSION = YES;
				CLANG_WARN_OBJC_ROOT_CLASS = YES_ERROR;
				CLANG_WARN_RANGE_LOOP_ANALYSIS = YES;
				CLANG_WARN_STRICT_PROTOTYPES = YES;
				CLANG_WARN_SUSPICIOUS_MOVE = YES;
				CLANG_WARN_UNGUARDED_AVAILABILITY = YES_AGGRESSIVE;
				CLANG_WARN_UNREACHABLE_CODE = YES;
				CLANG_WARN__DUPLICATE_METHOD_MATCH = YES;
				COPY_PHASE_STRIP = NO;
				DEBUG_INFORMATION_FORMAT = "dwarf-with-dsym";
				ENABLE_NS_ASSERTIONS = NO;
				ENABLE_STRICT_OBJC_MSGSEND = YES;
				GCC_C_LANGUAGE_STANDARD = gnu11;
				GCC_NO_COMMON_BLOCKS = YES;
				GCC_WARN_64_TO_32_BIT_CONVERSION = YES;
				GCC_WARN_ABOUT_RETURN_TYPE = YES_ERROR;
				GCC_WARN_UNDECLARED_SELECTOR = YES;
				GCC_WARN_UNINITIALIZED_AUTOS = YES_AGGRESSIVE;
				GCC_WARN_UNUSED_FUNCTION = YES;
				GCC_WARN_UNUSED_VARIABLE = YES;
				IPHONEOS_DEPLOYMENT_TARGET = 13.2;
				MTL_ENABLE_DEBUG_INFO = NO;
				MTL_FAST_MATH = YES;
				SDKROOT = iphoneos;
				SWIFT_COMPILATION_MODE = wholemodule;
				SWIFT_OPTIMIZATION_LEVEL = "-O";
				VALIDATE_PRODUCT = YES;
			};
			name = Release;
		};
		3794CCFC23EBB51500693C03 /* Debug */ = {
			isa = XCBuildConfiguration;
			baseConfigurationReference = 04F28EEA7D562D07E7A028F1 /* Pods-FirstApp.debug.xcconfig */;
			buildSettings = {
				ASSETCATALOG_COMPILER_APPICON_NAME = AppIcon;
				CLANG_ENABLE_MODULES = YES;
				CODE_SIGN_STYLE = Automatic;
				DEVELOPMENT_TEAM = GLK7J5PP82;
				INFOPLIST_FILE = FirstApp/Info.plist;
				LD_RUNPATH_SEARCH_PATHS = (
					"$(inherited)",
					"@executable_path/Frameworks",
				);
				PRODUCT_BUNDLE_IDENTIFIER = za.co.dvt.FirstApp;
				PRODUCT_NAME = "$(TARGET_NAME)";
				SWIFT_OBJC_BRIDGING_HEADER = "FirstApp/FirstApp-Bridging-Header.h";
				SWIFT_OPTIMIZATION_LEVEL = "-Onone";
				SWIFT_VERSION = 5.0;
				TARGETED_DEVICE_FAMILY = "1,2";
			};
			name = Debug;
		};
		3794CCFD23EBB51500693C03 /* Release */ = {
			isa = XCBuildConfiguration;
			baseConfigurationReference = 8F22AD3E794198475D1EAA69 /* Pods-FirstApp.release.xcconfig */;
			buildSettings = {
				ASSETCATALOG_COMPILER_APPICON_NAME = AppIcon;
				CLANG_ENABLE_MODULES = YES;
				CODE_SIGN_STYLE = Automatic;
				DEVELOPMENT_TEAM = GLK7J5PP82;
				INFOPLIST_FILE = FirstApp/Info.plist;
				LD_RUNPATH_SEARCH_PATHS = (
					"$(inherited)",
					"@executable_path/Frameworks",
				);
				PRODUCT_BUNDLE_IDENTIFIER = za.co.dvt.FirstApp;
				PRODUCT_NAME = "$(TARGET_NAME)";
				SWIFT_OBJC_BRIDGING_HEADER = "FirstApp/FirstApp-Bridging-Header.h";
				SWIFT_VERSION = 5.0;
				TARGETED_DEVICE_FAMILY = "1,2";
			};
			name = Release;
		};
		3794CCFF23EBB51500693C03 /* Debug */ = {
			isa = XCBuildConfiguration;
			baseConfigurationReference = 14D8943666E49A28A3422C91 /* Pods-FirstAppTests.debug.xcconfig */;
			buildSettings = {
				ALWAYS_EMBED_SWIFT_STANDARD_LIBRARIES = YES;
				BUNDLE_LOADER = "$(TEST_HOST)";
				CODE_SIGN_STYLE = Automatic;
				INFOPLIST_FILE = FirstAppTests/Info.plist;
				IPHONEOS_DEPLOYMENT_TARGET = 13.2;
				LD_RUNPATH_SEARCH_PATHS = (
					"$(inherited)",
					"@executable_path/Frameworks",
					"@loader_path/Frameworks",
				);
				PRODUCT_BUNDLE_IDENTIFIER = za.co.dvt.FirstAppTests;
				PRODUCT_NAME = "$(TARGET_NAME)";
				SWIFT_VERSION = 5.0;
				TARGETED_DEVICE_FAMILY = "1,2";
				TEST_HOST = "$(BUILT_PRODUCTS_DIR)/FirstApp.app/FirstApp";
			};
			name = Debug;
		};
		3794CD0023EBB51500693C03 /* Release */ = {
			isa = XCBuildConfiguration;
			baseConfigurationReference = 1C0ABE5321EBD28D58BFC757 /* Pods-FirstAppTests.release.xcconfig */;
			buildSettings = {
				ALWAYS_EMBED_SWIFT_STANDARD_LIBRARIES = YES;
				BUNDLE_LOADER = "$(TEST_HOST)";
				CODE_SIGN_STYLE = Automatic;
				INFOPLIST_FILE = FirstAppTests/Info.plist;
				IPHONEOS_DEPLOYMENT_TARGET = 13.2;
				LD_RUNPATH_SEARCH_PATHS = (
					"$(inherited)",
					"@executable_path/Frameworks",
					"@loader_path/Frameworks",
				);
				PRODUCT_BUNDLE_IDENTIFIER = za.co.dvt.FirstAppTests;
				PRODUCT_NAME = "$(TARGET_NAME)";
				SWIFT_VERSION = 5.0;
				TARGETED_DEVICE_FAMILY = "1,2";
				TEST_HOST = "$(BUILT_PRODUCTS_DIR)/FirstApp.app/FirstApp";
			};
			name = Release;
		};
/* End XCBuildConfiguration section */

/* Begin XCConfigurationList section */
		377A977D241CF1B200216C32 /* Build configuration list for PBXNativeTarget "FirstAppUITests" */ = {
			isa = XCConfigurationList;
			buildConfigurations = (
				377A977E241CF1B200216C32 /* Debug */,
				377A977F241CF1B200216C32 /* Release */,
			);
			defaultConfigurationIsVisible = 0;
			defaultConfigurationName = Release;
		};
		3794CCD723EBB51400693C03 /* Build configuration list for PBXProject "FirstApp" */ = {
			isa = XCConfigurationList;
			buildConfigurations = (
				3794CCF923EBB51500693C03 /* Debug */,
				3794CCFA23EBB51500693C03 /* Release */,
			);
			defaultConfigurationIsVisible = 0;
			defaultConfigurationName = Release;
		};
		3794CCFB23EBB51500693C03 /* Build configuration list for PBXNativeTarget "FirstApp" */ = {
			isa = XCConfigurationList;
			buildConfigurations = (
				3794CCFC23EBB51500693C03 /* Debug */,
				3794CCFD23EBB51500693C03 /* Release */,
			);
			defaultConfigurationIsVisible = 0;
			defaultConfigurationName = Release;
		};
		3794CCFE23EBB51500693C03 /* Build configuration list for PBXNativeTarget "FirstAppTests" */ = {
			isa = XCConfigurationList;
			buildConfigurations = (
				3794CCFF23EBB51500693C03 /* Debug */,
				3794CD0023EBB51500693C03 /* Release */,
			);
			defaultConfigurationIsVisible = 0;
			defaultConfigurationName = Release;
		};
/* End XCConfigurationList section */
	};
	rootObject = 3794CCD423EBB51400693C03 /* Project object */;
}
