// !$*UTF8*$!
{
	archiveVersion = 1;
	classes = {
	};
	objectVersion = 51;
	objects = {

/* Begin PBXBuildFile section */
		1C46118536226CEC1B767C09 /* Pods_FirstAppTests.framework in Frameworks */ = {isa = PBXBuildFile; fileRef = 38AFB699FC1C4CA6E7F729DD /* Pods_FirstAppTests.framework */; };
		371C1BC6244F234F00B47127 /* SnapshotHelper.swift in Sources */ = {isa = PBXBuildFile; fileRef = 371C1BC5244F234E00B47127 /* SnapshotHelper.swift */; };
		375E7B7224122FD800536863 /* UtilitiesUnitTests.swift in Sources */ = {isa = PBXBuildFile; fileRef = 375E7B7124122FD800536863 /* UtilitiesUnitTests.swift */; };
		375E7B742412373D00536863 /* UserModelUnitTests.swift in Sources */ = {isa = PBXBuildFile; fileRef = 375E7B732412373D00536863 /* UserModelUnitTests.swift */; };
		375E7B9C2416170400536863 /* RecipeModelUnitTests.swift in Sources */ = {isa = PBXBuildFile; fileRef = 375E7B9B2416170400536863 /* RecipeModelUnitTests.swift */; };
		375E7B9E2416179300536863 /* RecipeViewModelServiceTests.swift in Sources */ = {isa = PBXBuildFile; fileRef = 375E7B9D2416179300536863 /* RecipeViewModelServiceTests.swift */; };
		375E7BA02416196200536863 /* UserMock.swift in Sources */ = {isa = PBXBuildFile; fileRef = 375E7B9F2416196200536863 /* UserMock.swift */; };
		3760CD0F240E3A3C005DD6F3 /* WebViewController.swift in Sources */ = {isa = PBXBuildFile; fileRef = 3760CD0E240E3A3C005DD6F3 /* WebViewController.swift */; };
		376127032424A0B1008EBAAE /* FavouritesObjectiveCViewController.m in Sources */ = {isa = PBXBuildFile; fileRef = 376127022424A0B1008EBAAE /* FavouritesObjectiveCViewController.m */; };
		3761270A24278B5A008EBAAE /* RecipeListViewController.swift in Sources */ = {isa = PBXBuildFile; fileRef = 3761270924278B5A008EBAAE /* RecipeListViewController.swift */; };
		3761270C24279A38008EBAAE /* RecipeCellTableViewCell.swift in Sources */ = {isa = PBXBuildFile; fileRef = 3761270B24279A38008EBAAE /* RecipeCellTableViewCell.swift */; };
		376CF62A23F143B50030C871 /* LoginEmailViewController.swift in Sources */ = {isa = PBXBuildFile; fileRef = 376CF62923F143B50030C871 /* LoginEmailViewController.swift */; };
		376CF62C23F146950030C871 /* SignUpEmailViewController.swift in Sources */ = {isa = PBXBuildFile; fileRef = 376CF62B23F146950030C871 /* SignUpEmailViewController.swift */; };
		376CF63223F27FCA0030C871 /* HomeViewController.swift in Sources */ = {isa = PBXBuildFile; fileRef = 376CF63123F27FCA0030C871 /* HomeViewController.swift */; };
		377A9779241CF1B200216C32 /* SignUpUITests.swift in Sources */ = {isa = PBXBuildFile; fileRef = 377A9778241CF1B200216C32 /* SignUpUITests.swift */; };
		377A9781241CFE8600216C32 /* XCTUIApplicationExtension.swift in Sources */ = {isa = PBXBuildFile; fileRef = 377A9780241CFE8600216C32 /* XCTUIApplicationExtension.swift */; };
		377A9783241D818E00216C32 /* LoginUITests.swift in Sources */ = {isa = PBXBuildFile; fileRef = 377A9782241D818E00216C32 /* LoginUITests.swift */; };
		377A9785241E355B00216C32 /* APIUITests.swift in Sources */ = {isa = PBXBuildFile; fileRef = 377A9784241E355B00216C32 /* APIUITests.swift */; };
		3789C9C92456E74500387E51 /* FirstApp.xcdatamodeld in Sources */ = {isa = PBXBuildFile; fileRef = 3789C9C72456E74500387E51 /* FirstApp.xcdatamodeld */; };
		3789C9CB245719E700387E51 /* ProfileRepo.swift in Sources */ = {isa = PBXBuildFile; fileRef = 3789C9CA245719E700387E51 /* ProfileRepo.swift */; };
		378D919A2448547300DBBE11 /* BeVietnam-Italic.ttf in Resources */ = {isa = PBXBuildFile; fileRef = 378D918C2448547300DBBE11 /* BeVietnam-Italic.ttf */; };
		378D919B2448547300DBBE11 /* BeVietnam-Regular.ttf in Resources */ = {isa = PBXBuildFile; fileRef = 378D918D2448547300DBBE11 /* BeVietnam-Regular.ttf */; };
		378D919C2448547300DBBE11 /* BeVietnam-Light.ttf in Resources */ = {isa = PBXBuildFile; fileRef = 378D918E2448547300DBBE11 /* BeVietnam-Light.ttf */; };
		378D919D2448547300DBBE11 /* BeVietnam-SemiBoldItalic.ttf in Resources */ = {isa = PBXBuildFile; fileRef = 378D918F2448547300DBBE11 /* BeVietnam-SemiBoldItalic.ttf */; };
		378D919E2448547300DBBE11 /* BeVietnam-BoldItalic.ttf in Resources */ = {isa = PBXBuildFile; fileRef = 378D91902448547300DBBE11 /* BeVietnam-BoldItalic.ttf */; };
		378D919F2448547300DBBE11 /* BeVietnam-ThinItalic.ttf in Resources */ = {isa = PBXBuildFile; fileRef = 378D91912448547300DBBE11 /* BeVietnam-ThinItalic.ttf */; };
		378D91A02448547300DBBE11 /* BeVietnam-SemiBold.ttf in Resources */ = {isa = PBXBuildFile; fileRef = 378D91922448547300DBBE11 /* BeVietnam-SemiBold.ttf */; };
		378D91A12448547300DBBE11 /* BeVietnam-MediumItalic.ttf in Resources */ = {isa = PBXBuildFile; fileRef = 378D91932448547300DBBE11 /* BeVietnam-MediumItalic.ttf */; };
		378D91A22448547300DBBE11 /* BeVietnam-Thin.ttf in Resources */ = {isa = PBXBuildFile; fileRef = 378D91942448547300DBBE11 /* BeVietnam-Thin.ttf */; };
		378D91A32448547300DBBE11 /* BeVietnam-Medium.ttf in Resources */ = {isa = PBXBuildFile; fileRef = 378D91952448547300DBBE11 /* BeVietnam-Medium.ttf */; };
		378D91A42448547300DBBE11 /* BeVietnam-ExtraBoldItalic.ttf in Resources */ = {isa = PBXBuildFile; fileRef = 378D91962448547300DBBE11 /* BeVietnam-ExtraBoldItalic.ttf */; };
		378D91A52448547300DBBE11 /* BeVietnam-LightItalic.ttf in Resources */ = {isa = PBXBuildFile; fileRef = 378D91972448547300DBBE11 /* BeVietnam-LightItalic.ttf */; };
		378D91A62448547300DBBE11 /* BeVietnam-Bold.ttf in Resources */ = {isa = PBXBuildFile; fileRef = 378D91982448547300DBBE11 /* BeVietnam-Bold.ttf */; };
		378D91A72448547300DBBE11 /* BeVietnam-ExtraBold.ttf in Resources */ = {isa = PBXBuildFile; fileRef = 378D91992448547300DBBE11 /* BeVietnam-ExtraBold.ttf */; };
		3794CCE023EBB51400693C03 /* AppDelegate.swift in Sources */ = {isa = PBXBuildFile; fileRef = 3794CCDF23EBB51400693C03 /* AppDelegate.swift */; };
		3794CCE223EBB51400693C03 /* SceneDelegate.swift in Sources */ = {isa = PBXBuildFile; fileRef = 3794CCE123EBB51400693C03 /* SceneDelegate.swift */; };
		3794CCE423EBB51400693C03 /* ViewController.swift in Sources */ = {isa = PBXBuildFile; fileRef = 3794CCE323EBB51400693C03 /* ViewController.swift */; };
		3794CCE723EBB51400693C03 /* Main.storyboard in Resources */ = {isa = PBXBuildFile; fileRef = 3794CCE523EBB51400693C03 /* Main.storyboard */; };
		3794CCE923EBB51400693C03 /* Assets.xcassets in Resources */ = {isa = PBXBuildFile; fileRef = 3794CCE823EBB51400693C03 /* Assets.xcassets */; };
		3794CCEC23EBB51400693C03 /* LaunchScreen.storyboard in Resources */ = {isa = PBXBuildFile; fileRef = 3794CCEA23EBB51400693C03 /* LaunchScreen.storyboard */; };
		37A33626242B0BE0001EB8D0 /* TabViewController.swift in Sources */ = {isa = PBXBuildFile; fileRef = 37A33625242B0BE0001EB8D0 /* TabViewController.swift */; };
		37A3362C242C6DAA001EB8D0 /* FavouriteTableViewCell.m in Sources */ = {isa = PBXBuildFile; fileRef = 37A3362B242C6DAA001EB8D0 /* FavouriteTableViewCell.m */; };
		37A336682431C22E001EB8D0 /* FavouritesObjectiveCUITests.m in Sources */ = {isa = PBXBuildFile; fileRef = 37A336672431C22E001EB8D0 /* FavouritesObjectiveCUITests.m */; };
		37B1D97E243BD2AD00ACE0C4 /* PageViewController.swift in Sources */ = {isa = PBXBuildFile; fileRef = 37B1D97D243BD2AD00ACE0C4 /* PageViewController.swift */; };
		37B1D984243BEB7700ACE0C4 /* AboutModel.swift in Sources */ = {isa = PBXBuildFile; fileRef = 37B1D983243BEB7700ACE0C4 /* AboutModel.swift */; };
		37B1D986243BEC0D00ACE0C4 /* AboutRequest.swift in Sources */ = {isa = PBXBuildFile; fileRef = 37B1D985243BEC0D00ACE0C4 /* AboutRequest.swift */; };
		37B1D988243BEF9400ACE0C4 /* RecipePageViewController.swift in Sources */ = {isa = PBXBuildFile; fileRef = 37B1D987243BEF9400ACE0C4 /* RecipePageViewController.swift */; };
		37B1D98A243BF04A00ACE0C4 /* FavouritePageViewController.swift in Sources */ = {isa = PBXBuildFile; fileRef = 37B1D989243BF04A00ACE0C4 /* FavouritePageViewController.swift */; };
		37B1DDCC243C9FE400ACE0C4 /* GoogleService-Info.plist in Resources */ = {isa = PBXBuildFile; fileRef = 376D54A924367640008CE12C /* GoogleService-Info.plist */; };
		37B2F39723FD01E0009C1FC1 /* CellTableViewCell.swift in Sources */ = {isa = PBXBuildFile; fileRef = 37B2F39623FD01E0009C1FC1 /* CellTableViewCell.swift */; };
		37B2F3A123FDBF2C009C1FC1 /* RecipeDetailViewController.swift in Sources */ = {isa = PBXBuildFile; fileRef = 37B2F3A023FDBF2C009C1FC1 /* RecipeDetailViewController.swift */; };
		37E75D742432869C0014AA9C /* AnalyticsUnitTests.swift in Sources */ = {isa = PBXBuildFile; fileRef = 37E75D732432869C0014AA9C /* AnalyticsUnitTests.swift */; };
		37E75D78243292870014AA9C /* UserViewModelUnitTests.swift in Sources */ = {isa = PBXBuildFile; fileRef = 37E75D77243292870014AA9C /* UserViewModelUnitTests.swift */; };
		37E75D882432ED200014AA9C /* FavouritesObjectiveCUnitTests.m in Sources */ = {isa = PBXBuildFile; fileRef = 37E75D872432ED200014AA9C /* FavouritesObjectiveCUnitTests.m */; };
		37E75D8A2432F07F0014AA9C /* FavouritesViewModelObjectiveCUnitTests.m in Sources */ = {isa = PBXBuildFile; fileRef = 37E75D892432F07F0014AA9C /* FavouritesViewModelObjectiveCUnitTests.m */; };
		8DC690C42A4B74BA7BA38482 /* Pods_FirstApp.framework in Frameworks */ = {isa = PBXBuildFile; fileRef = 6CB78DAB43E708E2BB786AAD /* Pods_FirstApp.framework */; };
		D0D64F8CF2768883169B81BD /* Pods_FirstApp_FirstAppUITests.framework in Frameworks */ = {isa = PBXBuildFile; fileRef = F8FD8F01AB644918BAA31931 /* Pods_FirstApp_FirstAppUITests.framework */; };
/* End PBXBuildFile section */

/* Begin PBXContainerItemProxy section */
		377A977B241CF1B200216C32 /* PBXContainerItemProxy */ = {
			isa = PBXContainerItemProxy;
			containerPortal = 3794CCD423EBB51400693C03 /* Project object */;
			proxyType = 1;
			remoteGlobalIDString = 3794CCDB23EBB51400693C03;
			remoteInfo = FirstApp;
		};
		3794CCF323EBB51500693C03 /* PBXContainerItemProxy */ = {
			isa = PBXContainerItemProxy;
			containerPortal = 3794CCD423EBB51400693C03 /* Project object */;
			proxyType = 1;
			remoteGlobalIDString = 3794CCDB23EBB51400693C03;
			remoteInfo = FirstApp;
		};
/* End PBXContainerItemProxy section */

/* Begin PBXFileReference section */
		371C1BC5244F234E00B47127 /* SnapshotHelper.swift */ = {isa = PBXFileReference; fileEncoding = 4; lastKnownFileType = sourcecode.swift; name = SnapshotHelper.swift; path = fastlane/SnapshotHelper.swift; sourceTree = SOURCE_ROOT; };
		375E7B7124122FD800536863 /* UtilitiesUnitTests.swift */ = {isa = PBXFileReference; lastKnownFileType = sourcecode.swift; path = UtilitiesUnitTests.swift; sourceTree = "<group>"; };
		375E7B732412373D00536863 /* UserModelUnitTests.swift */ = {isa = PBXFileReference; lastKnownFileType = sourcecode.swift; path = UserModelUnitTests.swift; sourceTree = "<group>"; };
		375E7B9B2416170400536863 /* RecipeModelUnitTests.swift */ = {isa = PBXFileReference; lastKnownFileType = sourcecode.swift; path = RecipeModelUnitTests.swift; sourceTree = "<group>"; };
		375E7B9D2416179300536863 /* RecipeViewModelServiceTests.swift */ = {isa = PBXFileReference; lastKnownFileType = sourcecode.swift; path = RecipeViewModelServiceTests.swift; sourceTree = "<group>"; };
		375E7B9F2416196200536863 /* UserMock.swift */ = {isa = PBXFileReference; lastKnownFileType = sourcecode.swift; path = UserMock.swift; sourceTree = "<group>"; };
		3760CD0E240E3A3C005DD6F3 /* WebViewController.swift */ = {isa = PBXFileReference; lastKnownFileType = sourcecode.swift; path = WebViewController.swift; sourceTree = "<group>"; };
		376127002424A0B1008EBAAE /* FirstApp-Bridging-Header.h */ = {isa = PBXFileReference; lastKnownFileType = sourcecode.c.h; path = "FirstApp-Bridging-Header.h"; sourceTree = "<group>"; };
		376127012424A0B1008EBAAE /* FavouritesObjectiveCViewController.h */ = {isa = PBXFileReference; lastKnownFileType = sourcecode.c.h; path = FavouritesObjectiveCViewController.h; sourceTree = "<group>"; };
		376127022424A0B1008EBAAE /* FavouritesObjectiveCViewController.m */ = {isa = PBXFileReference; lastKnownFileType = sourcecode.c.objc; path = FavouritesObjectiveCViewController.m; sourceTree = "<group>"; };
		3761270924278B5A008EBAAE /* RecipeListViewController.swift */ = {isa = PBXFileReference; lastKnownFileType = sourcecode.swift; path = RecipeListViewController.swift; sourceTree = "<group>"; };
		3761270B24279A38008EBAAE /* RecipeCellTableViewCell.swift */ = {isa = PBXFileReference; lastKnownFileType = sourcecode.swift; path = RecipeCellTableViewCell.swift; sourceTree = "<group>"; };
		376CF62923F143B50030C871 /* LoginEmailViewController.swift */ = {isa = PBXFileReference; lastKnownFileType = sourcecode.swift; path = LoginEmailViewController.swift; sourceTree = "<group>"; };
		376CF62B23F146950030C871 /* SignUpEmailViewController.swift */ = {isa = PBXFileReference; lastKnownFileType = sourcecode.swift; path = SignUpEmailViewController.swift; sourceTree = "<group>"; };
		376CF63123F27FCA0030C871 /* HomeViewController.swift */ = {isa = PBXFileReference; lastKnownFileType = sourcecode.swift; path = HomeViewController.swift; sourceTree = "<group>"; };
		376D54A924367640008CE12C /* GoogleService-Info.plist */ = {isa = PBXFileReference; fileEncoding = 4; lastKnownFileType = text.plist.xml; path = "GoogleService-Info.plist"; sourceTree = "<group>"; };
		377A9776241CF1B100216C32 /* FirstAppUITests.xctest */ = {isa = PBXFileReference; explicitFileType = wrapper.cfbundle; includeInIndex = 0; path = FirstAppUITests.xctest; sourceTree = BUILT_PRODUCTS_DIR; };
		377A9778241CF1B200216C32 /* SignUpUITests.swift */ = {isa = PBXFileReference; lastKnownFileType = sourcecode.swift; path = SignUpUITests.swift; sourceTree = "<group>"; };
		377A977A241CF1B200216C32 /* Info.plist */ = {isa = PBXFileReference; lastKnownFileType = text.plist.xml; path = Info.plist; sourceTree = "<group>"; };
		377A9780241CFE8600216C32 /* XCTUIApplicationExtension.swift */ = {isa = PBXFileReference; lastKnownFileType = sourcecode.swift; path = XCTUIApplicationExtension.swift; sourceTree = "<group>"; };
		377A9782241D818E00216C32 /* LoginUITests.swift */ = {isa = PBXFileReference; lastKnownFileType = sourcecode.swift; path = LoginUITests.swift; sourceTree = "<group>"; };
		377A9784241E355B00216C32 /* APIUITests.swift */ = {isa = PBXFileReference; lastKnownFileType = sourcecode.swift; path = APIUITests.swift; sourceTree = "<group>"; };
		3789C9C82456E74500387E51 /* FirstApp.xcdatamodel */ = {isa = PBXFileReference; lastKnownFileType = wrapper.xcdatamodel; path = FirstApp.xcdatamodel; sourceTree = "<group>"; };
		3789C9CA245719E700387E51 /* ProfileRepo.swift */ = {isa = PBXFileReference; lastKnownFileType = sourcecode.swift; path = ProfileRepo.swift; sourceTree = "<group>"; };
		378D918C2448547300DBBE11 /* BeVietnam-Italic.ttf */ = {isa = PBXFileReference; lastKnownFileType = file; path = "BeVietnam-Italic.ttf"; sourceTree = "<group>"; };
		378D918D2448547300DBBE11 /* BeVietnam-Regular.ttf */ = {isa = PBXFileReference; lastKnownFileType = file; path = "BeVietnam-Regular.ttf"; sourceTree = "<group>"; };
		378D918E2448547300DBBE11 /* BeVietnam-Light.ttf */ = {isa = PBXFileReference; lastKnownFileType = file; path = "BeVietnam-Light.ttf"; sourceTree = "<group>"; };
		378D918F2448547300DBBE11 /* BeVietnam-SemiBoldItalic.ttf */ = {isa = PBXFileReference; lastKnownFileType = file; path = "BeVietnam-SemiBoldItalic.ttf"; sourceTree = "<group>"; };
		378D91902448547300DBBE11 /* BeVietnam-BoldItalic.ttf */ = {isa = PBXFileReference; lastKnownFileType = file; path = "BeVietnam-BoldItalic.ttf"; sourceTree = "<group>"; };
		378D91912448547300DBBE11 /* BeVietnam-ThinItalic.ttf */ = {isa = PBXFileReference; lastKnownFileType = file; path = "BeVietnam-ThinItalic.ttf"; sourceTree = "<group>"; };
		378D91922448547300DBBE11 /* BeVietnam-SemiBold.ttf */ = {isa = PBXFileReference; lastKnownFileType = file; path = "BeVietnam-SemiBold.ttf"; sourceTree = "<group>"; };
		378D91932448547300DBBE11 /* BeVietnam-MediumItalic.ttf */ = {isa = PBXFileReference; lastKnownFileType = file; path = "BeVietnam-MediumItalic.ttf"; sourceTree = "<group>"; };
		378D91942448547300DBBE11 /* BeVietnam-Thin.ttf */ = {isa = PBXFileReference; lastKnownFileType = file; path = "BeVietnam-Thin.ttf"; sourceTree = "<group>"; };
		378D91952448547300DBBE11 /* BeVietnam-Medium.ttf */ = {isa = PBXFileReference; lastKnownFileType = file; path = "BeVietnam-Medium.ttf"; sourceTree = "<group>"; };
		378D91962448547300DBBE11 /* BeVietnam-ExtraBoldItalic.ttf */ = {isa = PBXFileReference; lastKnownFileType = file; path = "BeVietnam-ExtraBoldItalic.ttf"; sourceTree = "<group>"; };
		378D91972448547300DBBE11 /* BeVietnam-LightItalic.ttf */ = {isa = PBXFileReference; lastKnownFileType = file; path = "BeVietnam-LightItalic.ttf"; sourceTree = "<group>"; };
		378D91982448547300DBBE11 /* BeVietnam-Bold.ttf */ = {isa = PBXFileReference; lastKnownFileType = file; path = "BeVietnam-Bold.ttf"; sourceTree = "<group>"; };
		378D91992448547300DBBE11 /* BeVietnam-ExtraBold.ttf */ = {isa = PBXFileReference; lastKnownFileType = file; path = "BeVietnam-ExtraBold.ttf"; sourceTree = "<group>"; };
		3794CCDC23EBB51400693C03 /* FirstApp.app */ = {isa = PBXFileReference; explicitFileType = wrapper.application; includeInIndex = 0; path = FirstApp.app; sourceTree = BUILT_PRODUCTS_DIR; };
		3794CCDF23EBB51400693C03 /* AppDelegate.swift */ = {isa = PBXFileReference; lastKnownFileType = sourcecode.swift; path = AppDelegate.swift; sourceTree = "<group>"; };
		3794CCE123EBB51400693C03 /* SceneDelegate.swift */ = {isa = PBXFileReference; lastKnownFileType = sourcecode.swift; path = SceneDelegate.swift; sourceTree = "<group>"; };
		3794CCE323EBB51400693C03 /* ViewController.swift */ = {isa = PBXFileReference; lastKnownFileType = sourcecode.swift; path = ViewController.swift; sourceTree = "<group>"; };
		3794CCE623EBB51400693C03 /* Base */ = {isa = PBXFileReference; lastKnownFileType = file.storyboard; name = Base; path = Base.lproj/Main.storyboard; sourceTree = "<group>"; };
		3794CCE823EBB51400693C03 /* Assets.xcassets */ = {isa = PBXFileReference; lastKnownFileType = folder.assetcatalog; path = Assets.xcassets; sourceTree = "<group>"; };
		3794CCEB23EBB51400693C03 /* Base */ = {isa = PBXFileReference; lastKnownFileType = file.storyboard; name = Base; path = Base.lproj/LaunchScreen.storyboard; sourceTree = "<group>"; };
		3794CCED23EBB51400693C03 /* Info.plist */ = {isa = PBXFileReference; lastKnownFileType = text.plist.xml; path = Info.plist; sourceTree = "<group>"; };
		3794CCF223EBB51500693C03 /* FirstAppTests.xctest */ = {isa = PBXFileReference; explicitFileType = wrapper.cfbundle; includeInIndex = 0; path = FirstAppTests.xctest; sourceTree = BUILT_PRODUCTS_DIR; };
		3794CCF823EBB51500693C03 /* Info.plist */ = {isa = PBXFileReference; lastKnownFileType = text.plist.xml; path = Info.plist; sourceTree = "<group>"; };
		37A33625242B0BE0001EB8D0 /* TabViewController.swift */ = {isa = PBXFileReference; lastKnownFileType = sourcecode.swift; path = TabViewController.swift; sourceTree = "<group>"; };
		37A3362A242C6DAA001EB8D0 /* FavouriteTableViewCell.h */ = {isa = PBXFileReference; lastKnownFileType = sourcecode.c.h; path = FavouriteTableViewCell.h; sourceTree = "<group>"; };
		37A3362B242C6DAA001EB8D0 /* FavouriteTableViewCell.m */ = {isa = PBXFileReference; lastKnownFileType = sourcecode.c.objc; path = FavouriteTableViewCell.m; sourceTree = "<group>"; };
		37A336662431C22D001EB8D0 /* FirstAppUITests-Bridging-Header.h */ = {isa = PBXFileReference; lastKnownFileType = sourcecode.c.h; path = "FirstAppUITests-Bridging-Header.h"; sourceTree = "<group>"; };
		37A336672431C22E001EB8D0 /* FavouritesObjectiveCUITests.m */ = {isa = PBXFileReference; lastKnownFileType = sourcecode.c.objc; path = FavouritesObjectiveCUITests.m; sourceTree = "<group>"; };
		37B1D97D243BD2AD00ACE0C4 /* PageViewController.swift */ = {isa = PBXFileReference; lastKnownFileType = sourcecode.swift; path = PageViewController.swift; sourceTree = "<group>"; };
		37B1D983243BEB7700ACE0C4 /* AboutModel.swift */ = {isa = PBXFileReference; lastKnownFileType = sourcecode.swift; path = AboutModel.swift; sourceTree = "<group>"; };
		37B1D985243BEC0D00ACE0C4 /* AboutRequest.swift */ = {isa = PBXFileReference; lastKnownFileType = sourcecode.swift; path = AboutRequest.swift; sourceTree = "<group>"; };
		37B1D987243BEF9400ACE0C4 /* RecipePageViewController.swift */ = {isa = PBXFileReference; lastKnownFileType = sourcecode.swift; path = RecipePageViewController.swift; sourceTree = "<group>"; };
		37B1D989243BF04A00ACE0C4 /* FavouritePageViewController.swift */ = {isa = PBXFileReference; lastKnownFileType = sourcecode.swift; path = FavouritePageViewController.swift; sourceTree = "<group>"; };
		37B2F39623FD01E0009C1FC1 /* CellTableViewCell.swift */ = {isa = PBXFileReference; lastKnownFileType = sourcecode.swift; path = CellTableViewCell.swift; sourceTree = "<group>"; };
		37B2F3A023FDBF2C009C1FC1 /* RecipeDetailViewController.swift */ = {isa = PBXFileReference; lastKnownFileType = sourcecode.swift; path = RecipeDetailViewController.swift; sourceTree = "<group>"; };
		37E75D732432869C0014AA9C /* AnalyticsUnitTests.swift */ = {isa = PBXFileReference; lastKnownFileType = sourcecode.swift; path = AnalyticsUnitTests.swift; sourceTree = "<group>"; };
		37E75D77243292870014AA9C /* UserViewModelUnitTests.swift */ = {isa = PBXFileReference; lastKnownFileType = sourcecode.swift; path = UserViewModelUnitTests.swift; sourceTree = "<group>"; };
		37E75D862432ED1F0014AA9C /* FirstAppTests-Bridging-Header.h */ = {isa = PBXFileReference; lastKnownFileType = sourcecode.c.h; path = "FirstAppTests-Bridging-Header.h"; sourceTree = "<group>"; };
		37E75D872432ED200014AA9C /* FavouritesObjectiveCUnitTests.m */ = {isa = PBXFileReference; lastKnownFileType = sourcecode.c.objc; path = FavouritesObjectiveCUnitTests.m; sourceTree = "<group>"; };
		37E75D892432F07F0014AA9C /* FavouritesViewModelObjectiveCUnitTests.m */ = {isa = PBXFileReference; lastKnownFileType = sourcecode.c.objc; path = FavouritesViewModelObjectiveCUnitTests.m; sourceTree = "<group>"; };
		38AFB699FC1C4CA6E7F729DD /* Pods_FirstAppTests.framework */ = {isa = PBXFileReference; explicitFileType = wrapper.framework; includeInIndex = 0; path = Pods_FirstAppTests.framework; sourceTree = BUILT_PRODUCTS_DIR; };
		6CB78DAB43E708E2BB786AAD /* Pods_FirstApp.framework */ = {isa = PBXFileReference; explicitFileType = wrapper.framework; includeInIndex = 0; path = Pods_FirstApp.framework; sourceTree = BUILT_PRODUCTS_DIR; };
		81469769855540D61CE1CC51 /* Pods-FirstAppTests.release.xcconfig */ = {isa = PBXFileReference; includeInIndex = 1; lastKnownFileType = text.xcconfig; name = "Pods-FirstAppTests.release.xcconfig"; path = "Target Support Files/Pods-FirstAppTests/Pods-FirstAppTests.release.xcconfig"; sourceTree = "<group>"; };
		86574E78FCBF853C9872DFA9 /* Pods-FirstApp-FirstAppUITests.release.xcconfig */ = {isa = PBXFileReference; includeInIndex = 1; lastKnownFileType = text.xcconfig; name = "Pods-FirstApp-FirstAppUITests.release.xcconfig"; path = "Target Support Files/Pods-FirstApp-FirstAppUITests/Pods-FirstApp-FirstAppUITests.release.xcconfig"; sourceTree = "<group>"; };
		8A53C1E9D2020F4BF0CA10DB /* Pods-FirstApp.debug.xcconfig */ = {isa = PBXFileReference; includeInIndex = 1; lastKnownFileType = text.xcconfig; name = "Pods-FirstApp.debug.xcconfig"; path = "Target Support Files/Pods-FirstApp/Pods-FirstApp.debug.xcconfig"; sourceTree = "<group>"; };
		C8F148C40CAE6C2E5EAA2F67 /* Pods-FirstApp.release.xcconfig */ = {isa = PBXFileReference; includeInIndex = 1; lastKnownFileType = text.xcconfig; name = "Pods-FirstApp.release.xcconfig"; path = "Target Support Files/Pods-FirstApp/Pods-FirstApp.release.xcconfig"; sourceTree = "<group>"; };
		D00727056DD8BFFB226D3618 /* Pods-FirstAppTests.debug.xcconfig */ = {isa = PBXFileReference; includeInIndex = 1; lastKnownFileType = text.xcconfig; name = "Pods-FirstAppTests.debug.xcconfig"; path = "Target Support Files/Pods-FirstAppTests/Pods-FirstAppTests.debug.xcconfig"; sourceTree = "<group>"; };
		EF69C8017736961F34A5F67E /* Pods-FirstApp-FirstAppUITests.debug.xcconfig */ = {isa = PBXFileReference; includeInIndex = 1; lastKnownFileType = text.xcconfig; name = "Pods-FirstApp-FirstAppUITests.debug.xcconfig"; path = "Target Support Files/Pods-FirstApp-FirstAppUITests/Pods-FirstApp-FirstAppUITests.debug.xcconfig"; sourceTree = "<group>"; };
		F8FD8F01AB644918BAA31931 /* Pods_FirstApp_FirstAppUITests.framework */ = {isa = PBXFileReference; explicitFileType = wrapper.framework; includeInIndex = 0; path = Pods_FirstApp_FirstAppUITests.framework; sourceTree = BUILT_PRODUCTS_DIR; };
/* End PBXFileReference section */

/* Begin PBXFrameworksBuildPhase section */
		377A9773241CF1B100216C32 /* Frameworks */ = {
			isa = PBXFrameworksBuildPhase;
			buildActionMask = 2147483647;
			files = (
				D0D64F8CF2768883169B81BD /* Pods_FirstApp_FirstAppUITests.framework in Frameworks */,
			);
			runOnlyForDeploymentPostprocessing = 0;
		};
		3794CCD923EBB51400693C03 /* Frameworks */ = {
			isa = PBXFrameworksBuildPhase;
			buildActionMask = 2147483647;
			files = (
				8DC690C42A4B74BA7BA38482 /* Pods_FirstApp.framework in Frameworks */,
			);
			runOnlyForDeploymentPostprocessing = 0;
		};
		3794CCEF23EBB51500693C03 /* Frameworks */ = {
			isa = PBXFrameworksBuildPhase;
			buildActionMask = 2147483647;
			files = (
				1C46118536226CEC1B767C09 /* Pods_FirstAppTests.framework in Frameworks */,
			);
			runOnlyForDeploymentPostprocessing = 0;
		};
/* End PBXFrameworksBuildPhase section */

/* Begin PBXGroup section */
		253AE8E7DBED27A1ABCEF69E /* Frameworks */ = {
			isa = PBXGroup;
			children = (
				6CB78DAB43E708E2BB786AAD /* Pods_FirstApp.framework */,
				F8FD8F01AB644918BAA31931 /* Pods_FirstApp_FirstAppUITests.framework */,
				38AFB699FC1C4CA6E7F729DD /* Pods_FirstAppTests.framework */,
			);
			name = Frameworks;
			sourceTree = "<group>";
		};
		377A9777241CF1B200216C32 /* FirstAppUITests */ = {
			isa = PBXGroup;
			children = (
				371C1BC5244F234E00B47127 /* SnapshotHelper.swift */,
				377A9782241D818E00216C32 /* LoginUITests.swift */,
				377A9778241CF1B200216C32 /* SignUpUITests.swift */,
				377A9784241E355B00216C32 /* APIUITests.swift */,
				37A336672431C22E001EB8D0 /* FavouritesObjectiveCUITests.m */,
				37A336662431C22D001EB8D0 /* FirstAppUITests-Bridging-Header.h */,
				377A977A241CF1B200216C32 /* Info.plist */,
				377A9780241CFE8600216C32 /* XCTUIApplicationExtension.swift */,
			);
			path = FirstAppUITests;
			sourceTree = "<group>";
		};
		378D918A2448547300DBBE11 /* Font */ = {
			isa = PBXGroup;
			children = (
				378D918B2448547300DBBE11 /* Be Vietnam */,
			);
			path = Font;
			sourceTree = "<group>";
		};
		378D918B2448547300DBBE11 /* Be Vietnam */ = {
			isa = PBXGroup;
			children = (
				378D918C2448547300DBBE11 /* BeVietnam-Italic.ttf */,
				378D918D2448547300DBBE11 /* BeVietnam-Regular.ttf */,
				378D918E2448547300DBBE11 /* BeVietnam-Light.ttf */,
				378D918F2448547300DBBE11 /* BeVietnam-SemiBoldItalic.ttf */,
				378D91902448547300DBBE11 /* BeVietnam-BoldItalic.ttf */,
				378D91912448547300DBBE11 /* BeVietnam-ThinItalic.ttf */,
				378D91922448547300DBBE11 /* BeVietnam-SemiBold.ttf */,
				378D91932448547300DBBE11 /* BeVietnam-MediumItalic.ttf */,
				378D91942448547300DBBE11 /* BeVietnam-Thin.ttf */,
				378D91952448547300DBBE11 /* BeVietnam-Medium.ttf */,
				378D91962448547300DBBE11 /* BeVietnam-ExtraBoldItalic.ttf */,
				378D91972448547300DBBE11 /* BeVietnam-LightItalic.ttf */,
				378D91982448547300DBBE11 /* BeVietnam-Bold.ttf */,
				378D91992448547300DBBE11 /* BeVietnam-ExtraBold.ttf */,
			);
			path = "Be Vietnam";
			sourceTree = "<group>";
		};
		3794CCD323EBB51400693C03 = {
			isa = PBXGroup;
			children = (
				3794CCDE23EBB51400693C03 /* FirstApp */,
				3794CCF523EBB51500693C03 /* FirstAppTests */,
				377A9777241CF1B200216C32 /* FirstAppUITests */,
				3794CCDD23EBB51400693C03 /* Products */,
				A8C1645A36DA521CD621E4FB /* Pods */,
				253AE8E7DBED27A1ABCEF69E /* Frameworks */,
			);
			sourceTree = "<group>";
		};
		3794CCDD23EBB51400693C03 /* Products */ = {
			isa = PBXGroup;
			children = (
				3794CCDC23EBB51400693C03 /* FirstApp.app */,
				3794CCF223EBB51500693C03 /* FirstAppTests.xctest */,
				377A9776241CF1B100216C32 /* FirstAppUITests.xctest */,
			);
			name = Products;
			sourceTree = "<group>";
		};
		3794CCDE23EBB51400693C03 /* FirstApp */ = {
			isa = PBXGroup;
			children = (
				378D918A2448547300DBBE11 /* Font */,
				37B1D97A243BD26600ACE0C4 /* About */,
				37A33650242E391F001EB8D0 /* Recipes */,
				37A3364C242E37A9001EB8D0 /* Login */,
				37A3363B242DD865001EB8D0 /* Favourites */,
				3794CCDF23EBB51400693C03 /* AppDelegate.swift */,
				3789C9C72456E74500387E51 /* FirstApp.xcdatamodeld */,
				3794CCE123EBB51400693C03 /* SceneDelegate.swift */,
				3794CCE523EBB51400693C03 /* Main.storyboard */,
				3794CCE823EBB51400693C03 /* Assets.xcassets */,
				3794CCEA23EBB51400693C03 /* LaunchScreen.storyboard */,
				3794CCED23EBB51400693C03 /* Info.plist */,
				376D54A924367640008CE12C /* GoogleService-Info.plist */,
				376127002424A0B1008EBAAE /* FirstApp-Bridging-Header.h */,
			);
			path = FirstApp;
			sourceTree = "<group>";
		};
		3794CCF523EBB51500693C03 /* FirstAppTests */ = {
			isa = PBXGroup;
			children = (
				375E7B9B2416170400536863 /* RecipeModelUnitTests.swift */,
				37E75D872432ED200014AA9C /* FavouritesObjectiveCUnitTests.m */,
				375E7B9D2416179300536863 /* RecipeViewModelServiceTests.swift */,
				37E75D892432F07F0014AA9C /* FavouritesViewModelObjectiveCUnitTests.m */,
				375E7B732412373D00536863 /* UserModelUnitTests.swift */,
				375E7B9F2416196200536863 /* UserMock.swift */,
				37E75D77243292870014AA9C /* UserViewModelUnitTests.swift */,
				375E7B7124122FD800536863 /* UtilitiesUnitTests.swift */,
				3794CCF823EBB51500693C03 /* Info.plist */,
				37E75D732432869C0014AA9C /* AnalyticsUnitTests.swift */,
				37E75D862432ED1F0014AA9C /* FirstAppTests-Bridging-Header.h */,
			);
			path = FirstAppTests;
			sourceTree = "<group>";
		};
		37A3363B242DD865001EB8D0 /* Favourites */ = {
			isa = PBXGroup;
			children = (
				37A3364B242E3772001EB8D0 /* View */,
				3789C9CA245719E700387E51 /* ProfileRepo.swift */,
			);
			path = Favourites;
			sourceTree = "<group>";
		};
		37A3364B242E3772001EB8D0 /* View */ = {
			isa = PBXGroup;
			children = (
				37E75D8B2432F13C0014AA9C /* Cells */,
				376127022424A0B1008EBAAE /* FavouritesObjectiveCViewController.m */,
				376127012424A0B1008EBAAE /* FavouritesObjectiveCViewController.h */,
			);
			path = View;
			sourceTree = "<group>";
		};
		37A3364C242E37A9001EB8D0 /* Login */ = {
			isa = PBXGroup;
			children = (
				37A3364D242E37D9001EB8D0 /* View */,
			);
			path = Login;
			sourceTree = "<group>";
		};
		37A3364D242E37D9001EB8D0 /* View */ = {
			isa = PBXGroup;
			children = (
				376CF62923F143B50030C871 /* LoginEmailViewController.swift */,
				3794CCE323EBB51400693C03 /* ViewController.swift */,
				376CF62B23F146950030C871 /* SignUpEmailViewController.swift */,
			);
			path = View;
			sourceTree = "<group>";
		};
		37A33650242E391F001EB8D0 /* Recipes */ = {
			isa = PBXGroup;
			children = (
				37A33651242E394D001EB8D0 /* View */,
			);
			path = Recipes;
			sourceTree = "<group>";
		};
		37A33651242E394D001EB8D0 /* View */ = {
			isa = PBXGroup;
			children = (
				37A33652242E396D001EB8D0 /* Cells */,
				376CF63123F27FCA0030C871 /* HomeViewController.swift */,
				3761270924278B5A008EBAAE /* RecipeListViewController.swift */,
				37B2F3A023FDBF2C009C1FC1 /* RecipeDetailViewController.swift */,
				37A33625242B0BE0001EB8D0 /* TabViewController.swift */,
				3760CD0E240E3A3C005DD6F3 /* WebViewController.swift */,
			);
			path = View;
			sourceTree = "<group>";
		};
		37A33652242E396D001EB8D0 /* Cells */ = {
			isa = PBXGroup;
			children = (
				37B2F39623FD01E0009C1FC1 /* CellTableViewCell.swift */,
				3761270B24279A38008EBAAE /* RecipeCellTableViewCell.swift */,
			);
			path = Cells;
			sourceTree = "<group>";
		};
		37B1D97A243BD26600ACE0C4 /* About */ = {
			isa = PBXGroup;
			children = (
				37B1D97D243BD2AD00ACE0C4 /* PageViewController.swift */,
				37B1D983243BEB7700ACE0C4 /* AboutModel.swift */,
				37B1D985243BEC0D00ACE0C4 /* AboutRequest.swift */,
				37B1D987243BEF9400ACE0C4 /* RecipePageViewController.swift */,
				37B1D989243BF04A00ACE0C4 /* FavouritePageViewController.swift */,
			);
			path = About;
			sourceTree = "<group>";
		};
		37E75D8B2432F13C0014AA9C /* Cells */ = {
			isa = PBXGroup;
			children = (
				37A3362B242C6DAA001EB8D0 /* FavouriteTableViewCell.m */,
				37A3362A242C6DAA001EB8D0 /* FavouriteTableViewCell.h */,
			);
			path = Cells;
			sourceTree = "<group>";
		};
		A8C1645A36DA521CD621E4FB /* Pods */ = {
			isa = PBXGroup;
			children = (
				8A53C1E9D2020F4BF0CA10DB /* Pods-FirstApp.debug.xcconfig */,
				C8F148C40CAE6C2E5EAA2F67 /* Pods-FirstApp.release.xcconfig */,
				EF69C8017736961F34A5F67E /* Pods-FirstApp-FirstAppUITests.debug.xcconfig */,
				86574E78FCBF853C9872DFA9 /* Pods-FirstApp-FirstAppUITests.release.xcconfig */,
				D00727056DD8BFFB226D3618 /* Pods-FirstAppTests.debug.xcconfig */,
				81469769855540D61CE1CC51 /* Pods-FirstAppTests.release.xcconfig */,
			);
			path = Pods;
			sourceTree = "<group>";
		};
/* End PBXGroup section */

/* Begin PBXNativeTarget section */
		377A9775241CF1B100216C32 /* FirstAppUITests */ = {
			isa = PBXNativeTarget;
			buildConfigurationList = 377A977D241CF1B200216C32 /* Build configuration list for PBXNativeTarget "FirstAppUITests" */;
			buildPhases = (
				98BF749110FDFF8A93ABD8A8 /* [CP] Check Pods Manifest.lock */,
				377A9772241CF1B100216C32 /* Sources */,
				377A9773241CF1B100216C32 /* Frameworks */,
				377A9774241CF1B100216C32 /* Resources */,
				53BE74F67001138860296BCF /* [CP] Embed Pods Frameworks */,
			);
			buildRules = (
			);
			dependencies = (
				377A977C241CF1B200216C32 /* PBXTargetDependency */,
			);
			name = FirstAppUITests;
			productName = FirstAppUITests;
			productReference = 377A9776241CF1B100216C32 /* FirstAppUITests.xctest */;
			productType = "com.apple.product-type.bundle.ui-testing";
		};
		3794CCDB23EBB51400693C03 /* FirstApp */ = {
			isa = PBXNativeTarget;
			buildConfigurationList = 3794CCFB23EBB51500693C03 /* Build configuration list for PBXNativeTarget "FirstApp" */;
			buildPhases = (
				5A82EEC4101F09DE0F11BD00 /* [CP] Check Pods Manifest.lock */,
				3794CCD823EBB51400693C03 /* Sources */,
				3794CCD923EBB51400693C03 /* Frameworks */,
				3794CCDA23EBB51400693C03 /* Resources */,
				376CF66323F2C2AD0030C871 /* ShellScript */,
				3787F2272434C0A2007EA793 /* ShellScript */,
				99BBA325D26867533439500E /* [CP] Embed Pods Frameworks */,
			);
			buildRules = (
			);
			dependencies = (
			);
			name = FirstApp;
			productName = FirstApp;
			productReference = 3794CCDC23EBB51400693C03 /* FirstApp.app */;
			productType = "com.apple.product-type.application";
		};
		3794CCF123EBB51500693C03 /* FirstAppTests */ = {
			isa = PBXNativeTarget;
			buildConfigurationList = 3794CCFE23EBB51500693C03 /* Build configuration list for PBXNativeTarget "FirstAppTests" */;
			buildPhases = (
				89E42860A52C1EB2E8098C6B /* [CP] Check Pods Manifest.lock */,
				3794CCEE23EBB51500693C03 /* Sources */,
				3794CCEF23EBB51500693C03 /* Frameworks */,
				3794CCF023EBB51500693C03 /* Resources */,
				682688F375FE4CECE2FB311A /* [CP] Embed Pods Frameworks */,
			);
			buildRules = (
			);
			dependencies = (
				3794CCF423EBB51500693C03 /* PBXTargetDependency */,
			);
			name = FirstAppTests;
			productName = FirstAppTests;
			productReference = 3794CCF223EBB51500693C03 /* FirstAppTests.xctest */;
			productType = "com.apple.product-type.bundle.unit-test";
		};
/* End PBXNativeTarget section */

/* Begin PBXProject section */
		3794CCD423EBB51400693C03 /* Project object */ = {
			isa = PBXProject;
			attributes = {
				LastSwiftUpdateCheck = 1130;
				LastUpgradeCheck = 1140;
				ORGANIZATIONNAME = "Akua Afrane-Okese";
				TargetAttributes = {
					377A9775241CF1B100216C32 = {
						CreatedOnToolsVersion = 11.3.1;
						LastSwiftMigration = 1130;
						TestTargetID = 3794CCDB23EBB51400693C03;
					};
					3794CCDB23EBB51400693C03 = {
						CreatedOnToolsVersion = 11.3.1;
						LastSwiftMigration = 1130;
					};
					3794CCF123EBB51500693C03 = {
						CreatedOnToolsVersion = 11.3.1;
						LastSwiftMigration = 1130;
						TestTargetID = 3794CCDB23EBB51400693C03;
					};
				};
			};
			buildConfigurationList = 3794CCD723EBB51400693C03 /* Build configuration list for PBXProject "FirstApp" */;
			compatibilityVersion = "Xcode 9.3";
			developmentRegion = en;
			hasScannedForEncodings = 0;
			knownRegions = (
				en,
				Base,
			);
			mainGroup = 3794CCD323EBB51400693C03;
			productRefGroup = 3794CCDD23EBB51400693C03 /* Products */;
			projectDirPath = "";
			projectRoot = "";
			targets = (
				3794CCDB23EBB51400693C03 /* FirstApp */,
				3794CCF123EBB51500693C03 /* FirstAppTests */,
				377A9775241CF1B100216C32 /* FirstAppUITests */,
			);
		};
/* End PBXProject section */

/* Begin PBXResourcesBuildPhase section */
		377A9774241CF1B100216C32 /* Resources */ = {
			isa = PBXResourcesBuildPhase;
			buildActionMask = 2147483647;
			files = (
			);
			runOnlyForDeploymentPostprocessing = 0;
		};
		3794CCDA23EBB51400693C03 /* Resources */ = {
			isa = PBXResourcesBuildPhase;
			buildActionMask = 2147483647;
			files = (
				37B1DDCC243C9FE400ACE0C4 /* GoogleService-Info.plist in Resources */,
				378D91A32448547300DBBE11 /* BeVietnam-Medium.ttf in Resources */,
				378D91A12448547300DBBE11 /* BeVietnam-MediumItalic.ttf in Resources */,
				378D91A62448547300DBBE11 /* BeVietnam-Bold.ttf in Resources */,
				3794CCEC23EBB51400693C03 /* LaunchScreen.storyboard in Resources */,
				378D91A22448547300DBBE11 /* BeVietnam-Thin.ttf in Resources */,
				378D919A2448547300DBBE11 /* BeVietnam-Italic.ttf in Resources */,
				3794CCE923EBB51400693C03 /* Assets.xcassets in Resources */,
				3794CCE723EBB51400693C03 /* Main.storyboard in Resources */,
				378D91A42448547300DBBE11 /* BeVietnam-ExtraBoldItalic.ttf in Resources */,
				378D919F2448547300DBBE11 /* BeVietnam-ThinItalic.ttf in Resources */,
				378D919D2448547300DBBE11 /* BeVietnam-SemiBoldItalic.ttf in Resources */,
				378D91A52448547300DBBE11 /* BeVietnam-LightItalic.ttf in Resources */,
				378D919E2448547300DBBE11 /* BeVietnam-BoldItalic.ttf in Resources */,
				378D91A02448547300DBBE11 /* BeVietnam-SemiBold.ttf in Resources */,
				378D919B2448547300DBBE11 /* BeVietnam-Regular.ttf in Resources */,
				378D91A72448547300DBBE11 /* BeVietnam-ExtraBold.ttf in Resources */,
				378D919C2448547300DBBE11 /* BeVietnam-Light.ttf in Resources */,
			);
			runOnlyForDeploymentPostprocessing = 0;
		};
		3794CCF023EBB51500693C03 /* Resources */ = {
			isa = PBXResourcesBuildPhase;
			buildActionMask = 2147483647;
			files = (
			);
			runOnlyForDeploymentPostprocessing = 0;
		};
/* End PBXResourcesBuildPhase section */

/* Begin PBXShellScriptBuildPhase section */
		376CF66323F2C2AD0030C871 /* ShellScript */ = {
			isa = PBXShellScriptBuildPhase;
			buildActionMask = 2147483647;
			files = (
			);
			inputFileListPaths = (
			);
			inputPaths = (
			);
			outputFileListPaths = (
			);
			outputPaths = (
			);
			runOnlyForDeploymentPostprocessing = 0;
			shellPath = /bin/sh;
			shellScript = "if which swiftlint >/dev/null; then\n  swiftlint\nelse\n  echo \"warning: SwiftLint not installed, download from https://github.com/realm/SwiftLint\"\nfi\n";
		};
		3787F2272434C0A2007EA793 /* ShellScript */ = {
			isa = PBXShellScriptBuildPhase;
			buildActionMask = 2147483647;
			files = (
			);
			inputFileListPaths = (
			);
			inputPaths = (
				"$(SRCROOT)/${BUILT_PRODUCTS_DIR}/${INFOPLIST_PATH}",
				"${DWARF_DSYM_FOLDER_PATH}/${DWARF_DSYM_FILE_NAME}/Contents/Resources/DWARF/${TARGET_NAME}",
			);
			outputFileListPaths = (
			);
			outputPaths = (
			);
			runOnlyForDeploymentPostprocessing = 0;
			shellPath = /bin/sh;
			shellScript = "\"${PODS_ROOT}/Fabric/run\"\n";
		};
		53BE74F67001138860296BCF /* [CP] Embed Pods Frameworks */ = {
			isa = PBXShellScriptBuildPhase;
			buildActionMask = 2147483647;
			files = (
			);
			inputFileListPaths = (
				"${PODS_ROOT}/Target Support Files/Pods-FirstApp-FirstAppUITests/Pods-FirstApp-FirstAppUITests-frameworks-${CONFIGURATION}-input-files.xcfilelist",
			);
			name = "[CP] Embed Pods Frameworks";
			outputFileListPaths = (
				"${PODS_ROOT}/Target Support Files/Pods-FirstApp-FirstAppUITests/Pods-FirstApp-FirstAppUITests-frameworks-${CONFIGURATION}-output-files.xcfilelist",
			);
			runOnlyForDeploymentPostprocessing = 0;
			shellPath = /bin/sh;
			shellScript = "\"${PODS_ROOT}/Target Support Files/Pods-FirstApp-FirstAppUITests/Pods-FirstApp-FirstAppUITests-frameworks.sh\"\n";
			showEnvVarsInLog = 0;
		};
		5A82EEC4101F09DE0F11BD00 /* [CP] Check Pods Manifest.lock */ = {
			isa = PBXShellScriptBuildPhase;
			buildActionMask = 2147483647;
			files = (
			);
			inputFileListPaths = (
			);
			inputPaths = (
				"${PODS_PODFILE_DIR_PATH}/Podfile.lock",
				"${PODS_ROOT}/Manifest.lock",
			);
			name = "[CP] Check Pods Manifest.lock";
			outputFileListPaths = (
			);
			outputPaths = (
				"$(DERIVED_FILE_DIR)/Pods-FirstApp-checkManifestLockResult.txt",
			);
			runOnlyForDeploymentPostprocessing = 0;
			shellPath = /bin/sh;
			shellScript = "diff \"${PODS_PODFILE_DIR_PATH}/Podfile.lock\" \"${PODS_ROOT}/Manifest.lock\" > /dev/null\nif [ $? != 0 ] ; then\n    # print error to STDERR\n    echo \"error: The sandbox is not in sync with the Podfile.lock. Run 'pod install' or update your CocoaPods installation.\" >&2\n    exit 1\nfi\n# This output is used by Xcode 'outputs' to avoid re-running this script phase.\necho \"SUCCESS\" > \"${SCRIPT_OUTPUT_FILE_0}\"\n";
			showEnvVarsInLog = 0;
		};
		682688F375FE4CECE2FB311A /* [CP] Embed Pods Frameworks */ = {
			isa = PBXShellScriptBuildPhase;
			buildActionMask = 2147483647;
			files = (
			);
			inputFileListPaths = (
				"${PODS_ROOT}/Target Support Files/Pods-FirstAppTests/Pods-FirstAppTests-frameworks-${CONFIGURATION}-input-files.xcfilelist",
			);
			name = "[CP] Embed Pods Frameworks";
			outputFileListPaths = (
				"${PODS_ROOT}/Target Support Files/Pods-FirstAppTests/Pods-FirstAppTests-frameworks-${CONFIGURATION}-output-files.xcfilelist",
			);
			runOnlyForDeploymentPostprocessing = 0;
			shellPath = /bin/sh;
			shellScript = "\"${PODS_ROOT}/Target Support Files/Pods-FirstAppTests/Pods-FirstAppTests-frameworks.sh\"\n";
			showEnvVarsInLog = 0;
		};
		89E42860A52C1EB2E8098C6B /* [CP] Check Pods Manifest.lock */ = {
			isa = PBXShellScriptBuildPhase;
			buildActionMask = 2147483647;
			files = (
			);
			inputFileListPaths = (
			);
			inputPaths = (
				"${PODS_PODFILE_DIR_PATH}/Podfile.lock",
				"${PODS_ROOT}/Manifest.lock",
			);
			name = "[CP] Check Pods Manifest.lock";
			outputFileListPaths = (
			);
			outputPaths = (
				"$(DERIVED_FILE_DIR)/Pods-FirstAppTests-checkManifestLockResult.txt",
			);
			runOnlyForDeploymentPostprocessing = 0;
			shellPath = /bin/sh;
			shellScript = "diff \"${PODS_PODFILE_DIR_PATH}/Podfile.lock\" \"${PODS_ROOT}/Manifest.lock\" > /dev/null\nif [ $? != 0 ] ; then\n    # print error to STDERR\n    echo \"error: The sandbox is not in sync with the Podfile.lock. Run 'pod install' or update your CocoaPods installation.\" >&2\n    exit 1\nfi\n# This output is used by Xcode 'outputs' to avoid re-running this script phase.\necho \"SUCCESS\" > \"${SCRIPT_OUTPUT_FILE_0}\"\n";
			showEnvVarsInLog = 0;
		};
		98BF749110FDFF8A93ABD8A8 /* [CP] Check Pods Manifest.lock */ = {
			isa = PBXShellScriptBuildPhase;
			buildActionMask = 2147483647;
			files = (
			);
			inputFileListPaths = (
			);
			inputPaths = (
				"${PODS_PODFILE_DIR_PATH}/Podfile.lock",
				"${PODS_ROOT}/Manifest.lock",
			);
			name = "[CP] Check Pods Manifest.lock";
			outputFileListPaths = (
			);
			outputPaths = (
				"$(DERIVED_FILE_DIR)/Pods-FirstApp-FirstAppUITests-checkManifestLockResult.txt",
			);
			runOnlyForDeploymentPostprocessing = 0;
			shellPath = /bin/sh;
			shellScript = "diff \"${PODS_PODFILE_DIR_PATH}/Podfile.lock\" \"${PODS_ROOT}/Manifest.lock\" > /dev/null\nif [ $? != 0 ] ; then\n    # print error to STDERR\n    echo \"error: The sandbox is not in sync with the Podfile.lock. Run 'pod install' or update your CocoaPods installation.\" >&2\n    exit 1\nfi\n# This output is used by Xcode 'outputs' to avoid re-running this script phase.\necho \"SUCCESS\" > \"${SCRIPT_OUTPUT_FILE_0}\"\n";
			showEnvVarsInLog = 0;
		};
		99BBA325D26867533439500E /* [CP] Embed Pods Frameworks */ = {
			isa = PBXShellScriptBuildPhase;
			buildActionMask = 2147483647;
			files = (
			);
			inputFileListPaths = (
				"${PODS_ROOT}/Target Support Files/Pods-FirstApp/Pods-FirstApp-frameworks-${CONFIGURATION}-input-files.xcfilelist",
			);
			name = "[CP] Embed Pods Frameworks";
			outputFileListPaths = (
				"${PODS_ROOT}/Target Support Files/Pods-FirstApp/Pods-FirstApp-frameworks-${CONFIGURATION}-output-files.xcfilelist",
			);
			runOnlyForDeploymentPostprocessing = 0;
			shellPath = /bin/sh;
			shellScript = "\"${PODS_ROOT}/Target Support Files/Pods-FirstApp/Pods-FirstApp-frameworks.sh\"\n";
			showEnvVarsInLog = 0;
		};
/* End PBXShellScriptBuildPhase section */

/* Begin PBXSourcesBuildPhase section */
		377A9772241CF1B100216C32 /* Sources */ = {
			isa = PBXSourcesBuildPhase;
			buildActionMask = 2147483647;
			files = (
				377A9781241CFE8600216C32 /* XCTUIApplicationExtension.swift in Sources */,
				37A336682431C22E001EB8D0 /* FavouritesObjectiveCUITests.m in Sources */,
				377A9783241D818E00216C32 /* LoginUITests.swift in Sources */,
				377A9785241E355B00216C32 /* APIUITests.swift in Sources */,
				377A9779241CF1B200216C32 /* SignUpUITests.swift in Sources */,
				371C1BC6244F234F00B47127 /* SnapshotHelper.swift in Sources */,
			);
			runOnlyForDeploymentPostprocessing = 0;
		};
		3794CCD823EBB51400693C03 /* Sources */ = {
			isa = PBXSourcesBuildPhase;
			buildActionMask = 2147483647;
			files = (
				376127032424A0B1008EBAAE /* FavouritesObjectiveCViewController.m in Sources */,
				3761270A24278B5A008EBAAE /* RecipeListViewController.swift in Sources */,
				37A33626242B0BE0001EB8D0 /* TabViewController.swift in Sources */,
				3760CD0F240E3A3C005DD6F3 /* WebViewController.swift in Sources */,
				3794CCE423EBB51400693C03 /* ViewController.swift in Sources */,
				37B2F3A123FDBF2C009C1FC1 /* RecipeDetailViewController.swift in Sources */,
				3789C9C92456E74500387E51 /* FirstApp.xcdatamodeld in Sources */,
				37B1D986243BEC0D00ACE0C4 /* AboutRequest.swift in Sources */,
				37B1D988243BEF9400ACE0C4 /* RecipePageViewController.swift in Sources */,
				37B1D97E243BD2AD00ACE0C4 /* PageViewController.swift in Sources */,
				37B1D984243BEB7700ACE0C4 /* AboutModel.swift in Sources */,
				376CF63223F27FCA0030C871 /* HomeViewController.swift in Sources */,
				3794CCE023EBB51400693C03 /* AppDelegate.swift in Sources */,
				376CF62C23F146950030C871 /* SignUpEmailViewController.swift in Sources */,
				37A3362C242C6DAA001EB8D0 /* FavouriteTableViewCell.m in Sources */,
				3794CCE223EBB51400693C03 /* SceneDelegate.swift in Sources */,
				37B1D98A243BF04A00ACE0C4 /* FavouritePageViewController.swift in Sources */,
				3761270C24279A38008EBAAE /* RecipeCellTableViewCell.swift in Sources */,
				3789C9CB245719E700387E51 /* ProfileRepo.swift in Sources */,
				376CF62A23F143B50030C871 /* LoginEmailViewController.swift in Sources */,
				37B2F39723FD01E0009C1FC1 /* CellTableViewCell.swift in Sources */,
			);
			runOnlyForDeploymentPostprocessing = 0;
		};
		3794CCEE23EBB51500693C03 /* Sources */ = {
			isa = PBXSourcesBuildPhase;
			buildActionMask = 2147483647;
			files = (
				375E7BA02416196200536863 /* UserMock.swift in Sources */,
				37E75D8A2432F07F0014AA9C /* FavouritesViewModelObjectiveCUnitTests.m in Sources */,
				375E7B7224122FD800536863 /* UtilitiesUnitTests.swift in Sources */,
				37E75D742432869C0014AA9C /* AnalyticsUnitTests.swift in Sources */,
				37E75D882432ED200014AA9C /* FavouritesObjectiveCUnitTests.m in Sources */,
				37E75D78243292870014AA9C /* UserViewModelUnitTests.swift in Sources */,
				375E7B9E2416179300536863 /* RecipeViewModelServiceTests.swift in Sources */,
				375E7B9C2416170400536863 /* RecipeModelUnitTests.swift in Sources */,
				375E7B742412373D00536863 /* UserModelUnitTests.swift in Sources */,
			);
			runOnlyForDeploymentPostprocessing = 0;
		};
/* End PBXSourcesBuildPhase section */

/* Begin PBXTargetDependency section */
		377A977C241CF1B200216C32 /* PBXTargetDependency */ = {
			isa = PBXTargetDependency;
			target = 3794CCDB23EBB51400693C03 /* FirstApp */;
			targetProxy = 377A977B241CF1B200216C32 /* PBXContainerItemProxy */;
		};
		3794CCF423EBB51500693C03 /* PBXTargetDependency */ = {
			isa = PBXTargetDependency;
			target = 3794CCDB23EBB51400693C03 /* FirstApp */;
			targetProxy = 3794CCF323EBB51500693C03 /* PBXContainerItemProxy */;
		};
/* End PBXTargetDependency section */

/* Begin PBXVariantGroup section */
		3794CCE523EBB51400693C03 /* Main.storyboard */ = {
			isa = PBXVariantGroup;
			children = (
				3794CCE623EBB51400693C03 /* Base */,
			);
			name = Main.storyboard;
			sourceTree = "<group>";
		};
		3794CCEA23EBB51400693C03 /* LaunchScreen.storyboard */ = {
			isa = PBXVariantGroup;
			children = (
				3794CCEB23EBB51400693C03 /* Base */,
			);
			name = LaunchScreen.storyboard;
			sourceTree = "<group>";
		};
/* End PBXVariantGroup section */

/* Begin XCBuildConfiguration section */
		377A977E241CF1B200216C32 /* Debug */ = {
			isa = XCBuildConfiguration;
			baseConfigurationReference = EF69C8017736961F34A5F67E /* Pods-FirstApp-FirstAppUITests.debug.xcconfig */;
			buildSettings = {
				CLANG_ENABLE_MODULES = YES;
				CODE_SIGN_STYLE = Automatic;
				DEBUG_INFORMATION_FORMAT = "dwarf-with-dsym";
				DEVELOPMENT_TEAM = GLK7J5PP82;
				INFOPLIST_FILE = FirstAppUITests/Info.plist;
				LD_RUNPATH_SEARCH_PATHS = (
					"$(inherited)",
					"@executable_path/Frameworks",
					"@loader_path/Frameworks",
				);
				PRODUCT_BUNDLE_IDENTIFIER = za.co.dvt.FirstAppUITests;
				PRODUCT_NAME = "$(TARGET_NAME)";
				SWIFT_OBJC_BRIDGING_HEADER = "FirstAppUITests/FirstAppUITests-Bridging-Header.h";
				SWIFT_OPTIMIZATION_LEVEL = "-Onone";
				SWIFT_VERSION = 5.0;
				TARGETED_DEVICE_FAMILY = "1,2";
				TEST_TARGET_NAME = FirstApp;
			};
			name = Debug;
		};
		377A977F241CF1B200216C32 /* Release */ = {
			isa = XCBuildConfiguration;
			baseConfigurationReference = 86574E78FCBF853C9872DFA9 /* Pods-FirstApp-FirstAppUITests.release.xcconfig */;
			buildSettings = {
				CLANG_ENABLE_MODULES = YES;
				CODE_SIGN_STYLE = Automatic;
				DEVELOPMENT_TEAM = GLK7J5PP82;
				INFOPLIST_FILE = FirstAppUITests/Info.plist;
				LD_RUNPATH_SEARCH_PATHS = (
					"$(inherited)",
					"@executable_path/Frameworks",
					"@loader_path/Frameworks",
				);
				PRODUCT_BUNDLE_IDENTIFIER = za.co.dvt.FirstAppUITests;
				PRODUCT_NAME = "$(TARGET_NAME)";
				SWIFT_OBJC_BRIDGING_HEADER = "FirstAppUITests/FirstAppUITests-Bridging-Header.h";
				SWIFT_VERSION = 5.0;
				TARGETED_DEVICE_FAMILY = "1,2";
				TEST_TARGET_NAME = FirstApp;
			};
			name = Release;
		};
		3794CCF923EBB51500693C03 /* Debug */ = {
			isa = XCBuildConfiguration;
			buildSettings = {
				ALWAYS_SEARCH_USER_PATHS = NO;
				CLANG_ANALYZER_NONNULL = YES;
				CLANG_ANALYZER_NUMBER_OBJECT_CONVERSION = YES_AGGRESSIVE;
				CLANG_CXX_LANGUAGE_STANDARD = "gnu++14";
				CLANG_CXX_LIBRARY = "libc++";
				CLANG_ENABLE_MODULES = YES;
				CLANG_ENABLE_OBJC_ARC = YES;
				CLANG_ENABLE_OBJC_WEAK = YES;
				CLANG_WARN_BLOCK_CAPTURE_AUTORELEASING = YES;
				CLANG_WARN_BOOL_CONVERSION = YES;
				CLANG_WARN_COMMA = YES;
				CLANG_WARN_CONSTANT_CONVERSION = YES;
				CLANG_WARN_DEPRECATED_OBJC_IMPLEMENTATIONS = YES;
				CLANG_WARN_DIRECT_OBJC_ISA_USAGE = YES_ERROR;
				CLANG_WARN_DOCUMENTATION_COMMENTS = YES;
				CLANG_WARN_EMPTY_BODY = YES;
				CLANG_WARN_ENUM_CONVERSION = YES;
				CLANG_WARN_INFINITE_RECURSION = YES;
				CLANG_WARN_INT_CONVERSION = YES;
				CLANG_WARN_NON_LITERAL_NULL_CONVERSION = YES;
				CLANG_WARN_OBJC_IMPLICIT_RETAIN_SELF = YES;
				CLANG_WARN_OBJC_LITERAL_CONVERSION = YES;
				CLANG_WARN_OBJC_ROOT_CLASS = YES_ERROR;
				CLANG_WARN_RANGE_LOOP_ANALYSIS = YES;
				CLANG_WARN_STRICT_PROTOTYPES = YES;
				CLANG_WARN_SUSPICIOUS_MOVE = YES;
				CLANG_WARN_UNGUARDED_AVAILABILITY = YES_AGGRESSIVE;
				CLANG_WARN_UNREACHABLE_CODE = YES;
				CLANG_WARN__DUPLICATE_METHOD_MATCH = YES;
				COPY_PHASE_STRIP = NO;
				DEBUG_INFORMATION_FORMAT = dwarf;
				ENABLE_STRICT_OBJC_MSGSEND = YES;
				ENABLE_TESTABILITY = YES;
				GCC_C_LANGUAGE_STANDARD = gnu11;
				GCC_DYNAMIC_NO_PIC = NO;
				GCC_NO_COMMON_BLOCKS = YES;
				GCC_OPTIMIZATION_LEVEL = 0;
				GCC_PREPROCESSOR_DEFINITIONS = (
					"DEBUG=1",
					"$(inherited)",
				);
				GCC_WARN_64_TO_32_BIT_CONVERSION = YES;
				GCC_WARN_ABOUT_RETURN_TYPE = YES_ERROR;
				GCC_WARN_UNDECLARED_SELECTOR = YES;
				GCC_WARN_UNINITIALIZED_AUTOS = YES_AGGRESSIVE;
				GCC_WARN_UNUSED_FUNCTION = YES;
				GCC_WARN_UNUSED_VARIABLE = YES;
				IPHONEOS_DEPLOYMENT_TARGET = 13.2;
				MTL_ENABLE_DEBUG_INFO = INCLUDE_SOURCE;
				MTL_FAST_MATH = YES;
				ONLY_ACTIVE_ARCH = YES;
				SDKROOT = iphoneos;
				SWIFT_ACTIVE_COMPILATION_CONDITIONS = DEBUG;
				SWIFT_OPTIMIZATION_LEVEL = "-Onone";
			};
			name = Debug;
		};
		3794CCFA23EBB51500693C03 /* Release */ = {
			isa = XCBuildConfiguration;
			buildSettings = {
				ALWAYS_SEARCH_USER_PATHS = NO;
				CLANG_ANALYZER_NONNULL = YES;
				CLANG_ANALYZER_NUMBER_OBJECT_CONVERSION = YES_AGGRESSIVE;
				CLANG_CXX_LANGUAGE_STANDARD = "gnu++14";
				CLANG_CXX_LIBRARY = "libc++";
				CLANG_ENABLE_MODULES = YES;
				CLANG_ENABLE_OBJC_ARC = YES;
				CLANG_ENABLE_OBJC_WEAK = YES;
				CLANG_WARN_BLOCK_CAPTURE_AUTORELEASING = YES;
				CLANG_WARN_BOOL_CONVERSION = YES;
				CLANG_WARN_COMMA = YES;
				CLANG_WARN_CONSTANT_CONVERSION = YES;
				CLANG_WARN_DEPRECATED_OBJC_IMPLEMENTATIONS = YES;
				CLANG_WARN_DIRECT_OBJC_ISA_USAGE = YES_ERROR;
				CLANG_WARN_DOCUMENTATION_COMMENTS = YES;
				CLANG_WARN_EMPTY_BODY = YES;
				CLANG_WARN_ENUM_CONVERSION = YES;
				CLANG_WARN_INFINITE_RECURSION = YES;
				CLANG_WARN_INT_CONVERSION = YES;
				CLANG_WARN_NON_LITERAL_NULL_CONVERSION = YES;
				CLANG_WARN_OBJC_IMPLICIT_RETAIN_SELF = YES;
				CLANG_WARN_OBJC_LITERAL_CONVERSION = YES;
				CLANG_WARN_OBJC_ROOT_CLASS = YES_ERROR;
				CLANG_WARN_RANGE_LOOP_ANALYSIS = YES;
				CLANG_WARN_STRICT_PROTOTYPES = YES;
				CLANG_WARN_SUSPICIOUS_MOVE = YES;
				CLANG_WARN_UNGUARDED_AVAILABILITY = YES_AGGRESSIVE;
				CLANG_WARN_UNREACHABLE_CODE = YES;
				CLANG_WARN__DUPLICATE_METHOD_MATCH = YES;
				COPY_PHASE_STRIP = NO;
				DEBUG_INFORMATION_FORMAT = "dwarf-with-dsym";
				ENABLE_NS_ASSERTIONS = NO;
				ENABLE_STRICT_OBJC_MSGSEND = YES;
				GCC_C_LANGUAGE_STANDARD = gnu11;
				GCC_NO_COMMON_BLOCKS = YES;
				GCC_WARN_64_TO_32_BIT_CONVERSION = YES;
				GCC_WARN_ABOUT_RETURN_TYPE = YES_ERROR;
				GCC_WARN_UNDECLARED_SELECTOR = YES;
				GCC_WARN_UNINITIALIZED_AUTOS = YES_AGGRESSIVE;
				GCC_WARN_UNUSED_FUNCTION = YES;
				GCC_WARN_UNUSED_VARIABLE = YES;
				IPHONEOS_DEPLOYMENT_TARGET = 13.2;
				MTL_ENABLE_DEBUG_INFO = NO;
				MTL_FAST_MATH = YES;
				SDKROOT = iphoneos;
				SWIFT_COMPILATION_MODE = wholemodule;
				SWIFT_OPTIMIZATION_LEVEL = "-O";
				VALIDATE_PRODUCT = YES;
			};
			name = Release;
		};
		3794CCFC23EBB51500693C03 /* Debug */ = {
			isa = XCBuildConfiguration;
			baseConfigurationReference = 8A53C1E9D2020F4BF0CA10DB /* Pods-FirstApp.debug.xcconfig */;
			buildSettings = {
				ALWAYS_EMBED_SWIFT_STANDARD_LIBRARIES = "$(inherited)";
				ASSETCATALOG_COMPILER_APPICON_NAME = AppIcon;
				CLANG_ENABLE_MODULES = YES;
				CODE_SIGN_STYLE = Automatic;
				DEBUG_INFORMATION_FORMAT = "dwarf-with-dsym";
				DEVELOPMENT_TEAM = GLK7J5PP82;
				INFOPLIST_FILE = FirstApp/Info.plist;
				LD_RUNPATH_SEARCH_PATHS = (
					"$(inherited)",
					"@executable_path/Frameworks",
				);
				PRODUCT_BUNDLE_IDENTIFIER = za.co.dvt.FoodFinder;
				PRODUCT_NAME = "$(TARGET_NAME)";
				SWIFT_OBJC_BRIDGING_HEADER = "FirstApp/FirstApp-Bridging-Header.h";
				SWIFT_OPTIMIZATION_LEVEL = "-Onone";
				SWIFT_VERSION = 5.0;
				TARGETED_DEVICE_FAMILY = "1,2";
			};
			name = Debug;
		};
		3794CCFD23EBB51500693C03 /* Release */ = {
			isa = XCBuildConfiguration;
			baseConfigurationReference = C8F148C40CAE6C2E5EAA2F67 /* Pods-FirstApp.release.xcconfig */;
			buildSettings = {
				ALWAYS_EMBED_SWIFT_STANDARD_LIBRARIES = "$(inherited)";
				ASSETCATALOG_COMPILER_APPICON_NAME = AppIcon;
				CLANG_ENABLE_MODULES = YES;
				CODE_SIGN_STYLE = Automatic;
				DEVELOPMENT_TEAM = GLK7J5PP82;
				INFOPLIST_FILE = FirstApp/Info.plist;
				LD_RUNPATH_SEARCH_PATHS = (
					"$(inherited)",
					"@executable_path/Frameworks",
				);
				PRODUCT_BUNDLE_IDENTIFIER = za.co.dvt.FoodFinder;
				PRODUCT_NAME = "$(TARGET_NAME)";
				SWIFT_OBJC_BRIDGING_HEADER = "FirstApp/FirstApp-Bridging-Header.h";
				SWIFT_VERSION = 5.0;
				TARGETED_DEVICE_FAMILY = "1,2";
			};
			name = Release;
		};
		3794CCFF23EBB51500693C03 /* Debug */ = {
			isa = XCBuildConfiguration;
			baseConfigurationReference = D00727056DD8BFFB226D3618 /* Pods-FirstAppTests.debug.xcconfig */;
			buildSettings = {
				ALWAYS_EMBED_SWIFT_STANDARD_LIBRARIES = "$(inherited)";
				BUNDLE_LOADER = "$(TEST_HOST)";
				CLANG_ENABLE_MODULES = YES;
				CODE_SIGN_STYLE = Automatic;
				DEBUG_INFORMATION_FORMAT = "dwarf-with-dsym";
				DEVELOPMENT_TEAM = GLK7J5PP82;
				INFOPLIST_FILE = FirstAppTests/Info.plist;
				IPHONEOS_DEPLOYMENT_TARGET = 13.2;
				LD_RUNPATH_SEARCH_PATHS = (
					"$(inherited)",
					"@executable_path/Frameworks",
					"@loader_path/Frameworks",
				);
				PRODUCT_BUNDLE_IDENTIFIER = za.co.dvt.FirstAppTests;
				PRODUCT_NAME = "$(TARGET_NAME)";
				SWIFT_OBJC_BRIDGING_HEADER = "FirstAppTests/FirstAppTests-Bridging-Header.h";
				SWIFT_OPTIMIZATION_LEVEL = "-Onone";
				SWIFT_VERSION = 5.0;
				TARGETED_DEVICE_FAMILY = "1,2";
				TEST_HOST = "$(BUILT_PRODUCTS_DIR)/FirstApp.app/FirstApp";
			};
			name = Debug;
		};
		3794CD0023EBB51500693C03 /* Release */ = {
			isa = XCBuildConfiguration;
			baseConfigurationReference = 81469769855540D61CE1CC51 /* Pods-FirstAppTests.release.xcconfig */;
			buildSettings = {
				ALWAYS_EMBED_SWIFT_STANDARD_LIBRARIES = "$(inherited)";
				BUNDLE_LOADER = "$(TEST_HOST)";
				CLANG_ENABLE_MODULES = YES;
				CODE_SIGN_STYLE = Automatic;
				DEVELOPMENT_TEAM = GLK7J5PP82;
				INFOPLIST_FILE = FirstAppTests/Info.plist;
				IPHONEOS_DEPLOYMENT_TARGET = 13.2;
				LD_RUNPATH_SEARCH_PATHS = (
					"$(inherited)",
					"@executable_path/Frameworks",
					"@loader_path/Frameworks",
				);
				PRODUCT_BUNDLE_IDENTIFIER = za.co.dvt.FirstAppTests;
				PRODUCT_NAME = "$(TARGET_NAME)";
				SWIFT_OBJC_BRIDGING_HEADER = "FirstAppTests/FirstAppTests-Bridging-Header.h";
				SWIFT_VERSION = 5.0;
				TARGETED_DEVICE_FAMILY = "1,2";
				TEST_HOST = "$(BUILT_PRODUCTS_DIR)/FirstApp.app/FirstApp";
			};
			name = Release;
		};
/* End XCBuildConfiguration section */

/* Begin XCConfigurationList section */
		377A977D241CF1B200216C32 /* Build configuration list for PBXNativeTarget "FirstAppUITests" */ = {
			isa = XCConfigurationList;
			buildConfigurations = (
				377A977E241CF1B200216C32 /* Debug */,
				377A977F241CF1B200216C32 /* Release */,
			);
			defaultConfigurationIsVisible = 0;
			defaultConfigurationName = Release;
		};
		3794CCD723EBB51400693C03 /* Build configuration list for PBXProject "FirstApp" */ = {
			isa = XCConfigurationList;
			buildConfigurations = (
				3794CCF923EBB51500693C03 /* Debug */,
				3794CCFA23EBB51500693C03 /* Release */,
			);
			defaultConfigurationIsVisible = 0;
			defaultConfigurationName = Release;
		};
		3794CCFB23EBB51500693C03 /* Build configuration list for PBXNativeTarget "FirstApp" */ = {
			isa = XCConfigurationList;
			buildConfigurations = (
				3794CCFC23EBB51500693C03 /* Debug */,
				3794CCFD23EBB51500693C03 /* Release */,
			);
			defaultConfigurationIsVisible = 0;
			defaultConfigurationName = Release;
		};
		3794CCFE23EBB51500693C03 /* Build configuration list for PBXNativeTarget "FirstAppTests" */ = {
			isa = XCConfigurationList;
			buildConfigurations = (
				3794CCFF23EBB51500693C03 /* Debug */,
				3794CD0023EBB51500693C03 /* Release */,
			);
			defaultConfigurationIsVisible = 0;
			defaultConfigurationName = Release;
		};
/* End XCConfigurationList section */

/* Begin XCVersionGroup section */
		3789C9C72456E74500387E51 /* FirstApp.xcdatamodeld */ = {
			isa = XCVersionGroup;
			children = (
				3789C9C82456E74500387E51 /* FirstApp.xcdatamodel */,
			);
			currentVersion = 3789C9C82456E74500387E51 /* FirstApp.xcdatamodel */;
			path = FirstApp.xcdatamodeld;
			sourceTree = "<group>";
			versionGroupType = wrapper.xcdatamodel;
		};
/* End XCVersionGroup section */
	};
	rootObject = 3794CCD423EBB51400693C03 /* Project object */;
}
